// !$*UTF8*$!
{
	archiveVersion = 1;
	classes = {
	};
	objectVersion = 56;
	objects = {

/* Begin PBXBuildFile section */
		390F476129B762D1005DBE74 /* RMSearchView.swift in Sources */ = {isa = PBXBuildFile; fileRef = 390F476029B762D1005DBE74 /* RMSearchView.swift */; };
		390F476429B763A4005DBE74 /* RMSearchViewViewModel.swift in Sources */ = {isa = PBXBuildFile; fileRef = 390F476329B763A4005DBE74 /* RMSearchViewViewModel.swift */; };
		390F476629B764E7005DBE74 /* RMNoSearchResultsView.swift in Sources */ = {isa = PBXBuildFile; fileRef = 390F476529B764E7005DBE74 /* RMNoSearchResultsView.swift */; };
		390F476829B7650D005DBE74 /* RMNoSearchResultsViewViewModel.swift in Sources */ = {isa = PBXBuildFile; fileRef = 390F476729B7650D005DBE74 /* RMNoSearchResultsViewViewModel.swift */; };
		390F476A29B76592005DBE74 /* RMSearchInputView.swift in Sources */ = {isa = PBXBuildFile; fileRef = 390F476929B76592005DBE74 /* RMSearchInputView.swift */; };
		390F476E29B765CE005DBE74 /* RMSearchInputViewViewModel.swift in Sources */ = {isa = PBXBuildFile; fileRef = 390F476D29B765CE005DBE74 /* RMSearchInputViewViewModel.swift */; };
		395BE3432978291900DCD96C /* RMTabbarController.swift in Sources */ = {isa = PBXBuildFile; fileRef = 395BE3422978291900DCD96C /* RMTabbarController.swift */; };
		395BE3462978299800DCD96C /* RMLocation.swift in Sources */ = {isa = PBXBuildFile; fileRef = 395BE3452978299800DCD96C /* RMLocation.swift */; };
		395BE348297829A600DCD96C /* RMCharacter.swift in Sources */ = {isa = PBXBuildFile; fileRef = 395BE347297829A600DCD96C /* RMCharacter.swift */; };
		395BE34A297829B500DCD96C /* RMEpisode.swift in Sources */ = {isa = PBXBuildFile; fileRef = 395BE349297829B500DCD96C /* RMEpisode.swift */; };
		395BE34C29782A0900DCD96C /* RMLocationController.swift in Sources */ = {isa = PBXBuildFile; fileRef = 395BE34B29782A0900DCD96C /* RMLocationController.swift */; };
		395BE34E29782A1600DCD96C /* RMCharacterController.swift in Sources */ = {isa = PBXBuildFile; fileRef = 395BE34D29782A1600DCD96C /* RMCharacterController.swift */; };
		395BE35029782A2300DCD96C /* RMEpisodeController.swift in Sources */ = {isa = PBXBuildFile; fileRef = 395BE34F29782A2300DCD96C /* RMEpisodeController.swift */; };
		395BE35229782A3300DCD96C /* RMSettingsController.swift in Sources */ = {isa = PBXBuildFile; fileRef = 395BE35129782A3300DCD96C /* RMSettingsController.swift */; };
		395BE35A297833A600DCD96C /* RMService.swift in Sources */ = {isa = PBXBuildFile; fileRef = 395BE359297833A500DCD96C /* RMService.swift */; };
		395BE35C297833BA00DCD96C /* RMRequest.swift in Sources */ = {isa = PBXBuildFile; fileRef = 395BE35B297833BA00DCD96C /* RMRequest.swift */; };
		395BE35E297834AF00DCD96C /* RMEndpoint.swift in Sources */ = {isa = PBXBuildFile; fileRef = 395BE35D297834AF00DCD96C /* RMEndpoint.swift */; };
		395BE360297838F100DCD96C /* RMOrigin.swift in Sources */ = {isa = PBXBuildFile; fileRef = 395BE35F297838F100DCD96C /* RMOrigin.swift */; };
		395BE3622978398E00DCD96C /* RMSingleLocation.swift in Sources */ = {isa = PBXBuildFile; fileRef = 395BE3612978398E00DCD96C /* RMSingleLocation.swift */; };
		395BE36429783AAF00DCD96C /* RMCharacterStatus.swift in Sources */ = {isa = PBXBuildFile; fileRef = 395BE36329783AAF00DCD96C /* RMCharacterStatus.swift */; };
		395BE36629783B2900DCD96C /* RMCharacterGender.swift in Sources */ = {isa = PBXBuildFile; fileRef = 395BE36529783B2900DCD96C /* RMCharacterGender.swift */; };
		395BE36A2979826500DCD96C /* RMGetAllCharactersResponse.swift in Sources */ = {isa = PBXBuildFile; fileRef = 395BE3692979826500DCD96C /* RMGetAllCharactersResponse.swift */; };
		395BE36D29798B0E00DCD96C /* RMCharacterListViewViewModel.swift in Sources */ = {isa = PBXBuildFile; fileRef = 395BE36C29798B0E00DCD96C /* RMCharacterListViewViewModel.swift */; };
		395BE37029798B8600DCD96C /* RMCharacterListView.swift in Sources */ = {isa = PBXBuildFile; fileRef = 395BE36F29798B8600DCD96C /* RMCharacterListView.swift */; };
		395BE37329798F7900DCD96C /* Extensions.swift in Sources */ = {isa = PBXBuildFile; fileRef = 395BE37229798F7900DCD96C /* Extensions.swift */; };
		395BE375297AB0B000DCD96C /* RMCharacterCollectionViewCell.swift in Sources */ = {isa = PBXBuildFile; fileRef = 395BE374297AB0B000DCD96C /* RMCharacterCollectionViewCell.swift */; };
		395BE377297AB1BB00DCD96C /* RMCharacterCollectionViewCellViewModel.swift in Sources */ = {isa = PBXBuildFile; fileRef = 395BE376297AB1BB00DCD96C /* RMCharacterCollectionViewCellViewModel.swift */; };
		395BE37B297AC4B200DCD96C /* RMCharacterDetailController.swift in Sources */ = {isa = PBXBuildFile; fileRef = 395BE37A297AC4B200DCD96C /* RMCharacterDetailController.swift */; };
		395BE37D297AC59900DCD96C /* RMCharacterDetailView.swift in Sources */ = {isa = PBXBuildFile; fileRef = 395BE37C297AC59900DCD96C /* RMCharacterDetailView.swift */; };
		395BE37F297AC5C800DCD96C /* RMCharacterDetailViewViewModel.swift in Sources */ = {isa = PBXBuildFile; fileRef = 395BE37E297AC5C800DCD96C /* RMCharacterDetailViewViewModel.swift */; };
		395BE384297ACE3000DCD96C /* RMFooterLoadingCollectionReusableView.swift in Sources */ = {isa = PBXBuildFile; fileRef = 395BE383297ACE3000DCD96C /* RMFooterLoadingCollectionReusableView.swift */; };
		395BE388297AE90A00DCD96C /* RMImageLoader.swift in Sources */ = {isa = PBXBuildFile; fileRef = 395BE387297AE90A00DCD96C /* RMImageLoader.swift */; };
		395BE38C297ED6EA00DCD96C /* RMCompositionLayoutHelper.swift in Sources */ = {isa = PBXBuildFile; fileRef = 395BE38B297ED6EA00DCD96C /* RMCompositionLayoutHelper.swift */; };
		395BE390297EE1F200DCD96C /* RMCharacterPhotoCollectionViewCell.swift in Sources */ = {isa = PBXBuildFile; fileRef = 395BE38F297EE1F200DCD96C /* RMCharacterPhotoCollectionViewCell.swift */; };
		395BE392297EE20D00DCD96C /* RMCharacterInfoCollectionViewCell.swift in Sources */ = {isa = PBXBuildFile; fileRef = 395BE391297EE20D00DCD96C /* RMCharacterInfoCollectionViewCell.swift */; };
		395BE394297EE21C00DCD96C /* RMCharacterEpisodeCollectionViewCell.swift in Sources */ = {isa = PBXBuildFile; fileRef = 395BE393297EE21C00DCD96C /* RMCharacterEpisodeCollectionViewCell.swift */; };
		395BE397297EE26100DCD96C /* RMCharacterPhotoCollectionViewCellViewModel.swift in Sources */ = {isa = PBXBuildFile; fileRef = 395BE396297EE26100DCD96C /* RMCharacterPhotoCollectionViewCellViewModel.swift */; };
		395BE399297EE27000DCD96C /* RMCharacterInfoCollectionViewCellViewModel.swift in Sources */ = {isa = PBXBuildFile; fileRef = 395BE398297EE27000DCD96C /* RMCharacterInfoCollectionViewCellViewModel.swift */; };
		395BE39B297EE27E00DCD96C /* RMCharacterEpisodeCollectionViewCellViewModel.swift in Sources */ = {isa = PBXBuildFile; fileRef = 395BE39A297EE27E00DCD96C /* RMCharacterEpisodeCollectionViewCellViewModel.swift */; };
		395BE39E29816B1100DCD96C /* RMEpisodeDetailController.swift in Sources */ = {isa = PBXBuildFile; fileRef = 395BE39D29816B1100DCD96C /* RMEpisodeDetailController.swift */; };
		395BE3A02983D53F00DCD96C /* RMAPICacheManager.swift in Sources */ = {isa = PBXBuildFile; fileRef = 395BE39F2983D53F00DCD96C /* RMAPICacheManager.swift */; };
		395BE3A32983DA9300DCD96C /* RMEpisodeDetailViewViewModel.swift in Sources */ = {isa = PBXBuildFile; fileRef = 395BE3A22983DA9300DCD96C /* RMEpisodeDetailViewViewModel.swift */; };
		395BE3A62983DAF000DCD96C /* RMEpisodeDetailView.swift in Sources */ = {isa = PBXBuildFile; fileRef = 395BE3A52983DAF000DCD96C /* RMEpisodeDetailView.swift */; };
		395BE3A92983DD8500DCD96C /* RMEpisodeListView.swift in Sources */ = {isa = PBXBuildFile; fileRef = 395BE3A82983DD8500DCD96C /* RMEpisodeListView.swift */; };
		395BE3AC2983E01900DCD96C /* RMEpisodeListViewViewModel.swift in Sources */ = {isa = PBXBuildFile; fileRef = 395BE3AB2983E01900DCD96C /* RMEpisodeListViewViewModel.swift */; };
		395BE3AE2983E2CB00DCD96C /* RMGetAllEpisodesResponse.swift in Sources */ = {isa = PBXBuildFile; fileRef = 395BE3AD2983E2CB00DCD96C /* RMGetAllEpisodesResponse.swift */; };
		395BE3B02987DC0900DCD96C /* RMSearchController.swift in Sources */ = {isa = PBXBuildFile; fileRef = 395BE3AF2987DC0900DCD96C /* RMSearchController.swift */; };
		395BE3B22987F8C200DCD96C /* RMEpisodeInfoCollectionViewCell.swift in Sources */ = {isa = PBXBuildFile; fileRef = 395BE3B12987F8C200DCD96C /* RMEpisodeInfoCollectionViewCell.swift */; };
		395BE3B42987F8F500DCD96C /* RMEpisodeInfoCollectionViewCellViewModel.swift in Sources */ = {isa = PBXBuildFile; fileRef = 395BE3B32987F8F500DCD96C /* RMEpisodeInfoCollectionViewCellViewModel.swift */; };
		395BE3B72989377500DCD96C /* RMSettingsViewViewModel.swift in Sources */ = {isa = PBXBuildFile; fileRef = 395BE3B62989377500DCD96C /* RMSettingsViewViewModel.swift */; };
		395BE3BA298937C600DCD96C /* RMSettingsCellViewModel.swift in Sources */ = {isa = PBXBuildFile; fileRef = 395BE3B9298937C600DCD96C /* RMSettingsCellViewModel.swift */; };
		395BE3BC2989385200DCD96C /* RMSettingsOption.swift in Sources */ = {isa = PBXBuildFile; fileRef = 395BE3BB2989385200DCD96C /* RMSettingsOption.swift */; };
		395BE3BF2989428400DCD96C /* RMSettingsView.swift in Sources */ = {isa = PBXBuildFile; fileRef = 395BE3BE2989428400DCD96C /* RMSettingsView.swift */; };
		395BE47D299CDF9700DCD96C /* RMLocationView.swift in Sources */ = {isa = PBXBuildFile; fileRef = 395BE47C299CDF9700DCD96C /* RMLocationView.swift */; };
		395BE480299CE27700DCD96C /* RMLocationViewViewModel.swift in Sources */ = {isa = PBXBuildFile; fileRef = 395BE47F299CE27700DCD96C /* RMLocationViewViewModel.swift */; };
		395BE482299CEA9C00DCD96C /* RMGetAllLocationsResponse.swift in Sources */ = {isa = PBXBuildFile; fileRef = 395BE481299CEA9C00DCD96C /* RMGetAllLocationsResponse.swift */; };
		395BE484299CEBEC00DCD96C /* RMLocationTableViewCell.swift in Sources */ = {isa = PBXBuildFile; fileRef = 395BE483299CEBEC00DCD96C /* RMLocationTableViewCell.swift */; };
		395BE486299CEC8A00DCD96C /* RMLocationTableViewCellViewModel.swift in Sources */ = {isa = PBXBuildFile; fileRef = 395BE485299CEC8A00DCD96C /* RMLocationTableViewCellViewModel.swift */; };
		395BE488299CF73400DCD96C /* RMLocationDetailController.swift in Sources */ = {isa = PBXBuildFile; fileRef = 395BE487299CF73400DCD96C /* RMLocationDetailController.swift */; };
		395BE48B299CF8B500DCD96C /* RMLocationDetailView.swift in Sources */ = {isa = PBXBuildFile; fileRef = 395BE48A299CF8B500DCD96C /* RMLocationDetailView.swift */; };
		395BE48E299CFBA400DCD96C /* RMLocationDetailViewViewModel.swift in Sources */ = {isa = PBXBuildFile; fileRef = 395BE48D299CFBA400DCD96C /* RMLocationDetailViewViewModel.swift */; };
		398A04E0294B3C8E00E02110 /* AppDelegate.swift in Sources */ = {isa = PBXBuildFile; fileRef = 398A04DF294B3C8E00E02110 /* AppDelegate.swift */; };
		398A04E2294B3C8E00E02110 /* SceneDelegate.swift in Sources */ = {isa = PBXBuildFile; fileRef = 398A04E1294B3C8E00E02110 /* SceneDelegate.swift */; };
		398A04E4294B3C8E00E02110 /* AuthController.swift in Sources */ = {isa = PBXBuildFile; fileRef = 398A04E3294B3C8E00E02110 /* AuthController.swift */; };
		398A04EC294B3C8F00E02110 /* Assets.xcassets in Resources */ = {isa = PBXBuildFile; fileRef = 398A04EB294B3C8F00E02110 /* Assets.xcassets */; };
		398A04EF294B3C8F00E02110 /* LaunchScreen.storyboard in Resources */ = {isa = PBXBuildFile; fileRef = 398A04ED294B3C8F00E02110 /* LaunchScreen.storyboard */; };
		398A04F9294B3F3A00E02110 /* ViewControllerPreview.swift in Sources */ = {isa = PBXBuildFile; fileRef = 398A04F8294B3F3A00E02110 /* ViewControllerPreview.swift */; };
		398A04FD294B426C00E02110 /* ColorHex.swift in Sources */ = {isa = PBXBuildFile; fileRef = 398A04FC294B426C00E02110 /* ColorHex.swift */; };
		398A0500294B433000E02110 /* EasyLayouts.swift in Sources */ = {isa = PBXBuildFile; fileRef = 398A04FF294B433000E02110 /* EasyLayouts.swift */; };
		398A0506294B445E00E02110 /* SignUpController.swift in Sources */ = {isa = PBXBuildFile; fileRef = 398A0505294B445E00E02110 /* SignUpController.swift */; };
		398A0513294B599000E02110 /* DefaultUIClasses.swift in Sources */ = {isa = PBXBuildFile; fileRef = 398A0512294B599000E02110 /* DefaultUIClasses.swift */; };
		398A0515294B715000E02110 /* ViewControllerHelpers.swift in Sources */ = {isa = PBXBuildFile; fileRef = 398A0514294B715000E02110 /* ViewControllerHelpers.swift */; };
		398A0517294B7BB300E02110 /* HomeController.swift in Sources */ = {isa = PBXBuildFile; fileRef = 398A0516294B7BB300E02110 /* HomeController.swift */; };
		398A0519294C862400E02110 /* MenuView.swift in Sources */ = {isa = PBXBuildFile; fileRef = 398A0518294C862400E02110 /* MenuView.swift */; };
		398A051B294C877500E02110 /* ExtensionForSideMenu.swift in Sources */ = {isa = PBXBuildFile; fileRef = 398A051A294C877500E02110 /* ExtensionForSideMenu.swift */; };
		398A051D294C9CDD00E02110 /* SettingsController.swift in Sources */ = {isa = PBXBuildFile; fileRef = 398A051C294C9CDD00E02110 /* SettingsController.swift */; };
		398A051F294DE4CB00E02110 /* ContainerController.swift in Sources */ = {isa = PBXBuildFile; fileRef = 398A051E294DE4CB00E02110 /* ContainerController.swift */; };
		398A0521294DF72C00E02110 /* ChatController.swift in Sources */ = {isa = PBXBuildFile; fileRef = 398A0520294DF72C00E02110 /* ChatController.swift */; };
		398A05252951F25700E02110 /* ChatMessageCell.swift in Sources */ = {isa = PBXBuildFile; fileRef = 398A05242951F25700E02110 /* ChatMessageCell.swift */; };
		398A05282951F98900E02110 /* ChatModels.swift in Sources */ = {isa = PBXBuildFile; fileRef = 398A05272951F98900E02110 /* ChatModels.swift */; };
		398A052B29520BA400E02110 /* ChatMessageHeader.swift in Sources */ = {isa = PBXBuildFile; fileRef = 398A052A29520BA400E02110 /* ChatMessageHeader.swift */; };
		398A052D2952117F00E02110 /* CustomDate.swift in Sources */ = {isa = PBXBuildFile; fileRef = 398A052C2952117F00E02110 /* CustomDate.swift */; };
		398F31982953235000E1F7C5 /* StorageManager.swift in Sources */ = {isa = PBXBuildFile; fileRef = 398F31972953235000E1F7C5 /* StorageManager.swift */; };
		398F319F29548ACB00E1F7C5 /* DataBaseManager.swift in Sources */ = {isa = PBXBuildFile; fileRef = 398F319E29548ACB00E1F7C5 /* DataBaseManager.swift */; };
		398F31A12955DD3C00E1F7C5 /* NewChatController.swift in Sources */ = {isa = PBXBuildFile; fileRef = 398F31A02955DD3C00E1F7C5 /* NewChatController.swift */; };
		398F31A32955E00D00E1F7C5 /* AllChatsController.swift in Sources */ = {isa = PBXBuildFile; fileRef = 398F31A22955E00D00E1F7C5 /* AllChatsController.swift */; };
		398F31A52958601800E1F7C5 /* AllChatCell.swift in Sources */ = {isa = PBXBuildFile; fileRef = 398F31A42958601800E1F7C5 /* AllChatCell.swift */; };
		398F31A729586FF900E1F7C5 /* DownloadImage.swift in Sources */ = {isa = PBXBuildFile; fileRef = 398F31A629586FF900E1F7C5 /* DownloadImage.swift */; };
		39C1250D29700F45003895DE /* GoogleService-Info.plist in Resources */ = {isa = PBXBuildFile; fileRef = 39C1250C29700F45003895DE /* GoogleService-Info.plist */; };
		39C125102970152B003895DE /* NewTrainingProject.xcdatamodeld in Sources */ = {isa = PBXBuildFile; fileRef = 39C1250E2970152B003895DE /* NewTrainingProject.xcdatamodeld */; };
		39C1251529701750003895DE /* GoToRMController.swift in Sources */ = {isa = PBXBuildFile; fileRef = 39C1251429701750003895DE /* GoToRMController.swift */; };
		FA436B48A2DB0DFA7851B75A /* Pods_NewTrainingProject.framework in Frameworks */ = {isa = PBXBuildFile; fileRef = 7D5A73D77097E0D349E4A780 /* Pods_NewTrainingProject.framework */; };
/* End PBXBuildFile section */

/* Begin PBXFileReference section */
		390F476029B762D1005DBE74 /* RMSearchView.swift */ = {isa = PBXFileReference; lastKnownFileType = sourcecode.swift; path = RMSearchView.swift; sourceTree = "<group>"; };
		390F476329B763A4005DBE74 /* RMSearchViewViewModel.swift */ = {isa = PBXFileReference; lastKnownFileType = sourcecode.swift; path = RMSearchViewViewModel.swift; sourceTree = "<group>"; };
		390F476529B764E7005DBE74 /* RMNoSearchResultsView.swift */ = {isa = PBXFileReference; lastKnownFileType = sourcecode.swift; path = RMNoSearchResultsView.swift; sourceTree = "<group>"; };
		390F476729B7650D005DBE74 /* RMNoSearchResultsViewViewModel.swift */ = {isa = PBXFileReference; lastKnownFileType = sourcecode.swift; path = RMNoSearchResultsViewViewModel.swift; sourceTree = "<group>"; };
		390F476929B76592005DBE74 /* RMSearchInputView.swift */ = {isa = PBXFileReference; lastKnownFileType = sourcecode.swift; path = RMSearchInputView.swift; sourceTree = "<group>"; };
		390F476D29B765CE005DBE74 /* RMSearchInputViewViewModel.swift */ = {isa = PBXFileReference; lastKnownFileType = sourcecode.swift; path = RMSearchInputViewViewModel.swift; sourceTree = "<group>"; };
		395BE3422978291900DCD96C /* RMTabbarController.swift */ = {isa = PBXFileReference; lastKnownFileType = sourcecode.swift; path = RMTabbarController.swift; sourceTree = "<group>"; };
		395BE3452978299800DCD96C /* RMLocation.swift */ = {isa = PBXFileReference; lastKnownFileType = sourcecode.swift; path = RMLocation.swift; sourceTree = "<group>"; };
		395BE347297829A600DCD96C /* RMCharacter.swift */ = {isa = PBXFileReference; lastKnownFileType = sourcecode.swift; path = RMCharacter.swift; sourceTree = "<group>"; };
		395BE349297829B500DCD96C /* RMEpisode.swift */ = {isa = PBXFileReference; lastKnownFileType = sourcecode.swift; path = RMEpisode.swift; sourceTree = "<group>"; };
		395BE34B29782A0900DCD96C /* RMLocationController.swift */ = {isa = PBXFileReference; lastKnownFileType = sourcecode.swift; path = RMLocationController.swift; sourceTree = "<group>"; };
		395BE34D29782A1600DCD96C /* RMCharacterController.swift */ = {isa = PBXFileReference; lastKnownFileType = sourcecode.swift; path = RMCharacterController.swift; sourceTree = "<group>"; };
		395BE34F29782A2300DCD96C /* RMEpisodeController.swift */ = {isa = PBXFileReference; lastKnownFileType = sourcecode.swift; path = RMEpisodeController.swift; sourceTree = "<group>"; };
		395BE35129782A3300DCD96C /* RMSettingsController.swift */ = {isa = PBXFileReference; lastKnownFileType = sourcecode.swift; path = RMSettingsController.swift; sourceTree = "<group>"; };
		395BE359297833A500DCD96C /* RMService.swift */ = {isa = PBXFileReference; lastKnownFileType = sourcecode.swift; path = RMService.swift; sourceTree = "<group>"; };
		395BE35B297833BA00DCD96C /* RMRequest.swift */ = {isa = PBXFileReference; lastKnownFileType = sourcecode.swift; path = RMRequest.swift; sourceTree = "<group>"; };
		395BE35D297834AF00DCD96C /* RMEndpoint.swift */ = {isa = PBXFileReference; lastKnownFileType = sourcecode.swift; path = RMEndpoint.swift; sourceTree = "<group>"; };
		395BE35F297838F100DCD96C /* RMOrigin.swift */ = {isa = PBXFileReference; lastKnownFileType = sourcecode.swift; path = RMOrigin.swift; sourceTree = "<group>"; };
		395BE3612978398E00DCD96C /* RMSingleLocation.swift */ = {isa = PBXFileReference; lastKnownFileType = sourcecode.swift; path = RMSingleLocation.swift; sourceTree = "<group>"; };
		395BE36329783AAF00DCD96C /* RMCharacterStatus.swift */ = {isa = PBXFileReference; lastKnownFileType = sourcecode.swift; path = RMCharacterStatus.swift; sourceTree = "<group>"; };
		395BE36529783B2900DCD96C /* RMCharacterGender.swift */ = {isa = PBXFileReference; lastKnownFileType = sourcecode.swift; path = RMCharacterGender.swift; sourceTree = "<group>"; };
		395BE3692979826500DCD96C /* RMGetAllCharactersResponse.swift */ = {isa = PBXFileReference; lastKnownFileType = sourcecode.swift; path = RMGetAllCharactersResponse.swift; sourceTree = "<group>"; };
		395BE36C29798B0E00DCD96C /* RMCharacterListViewViewModel.swift */ = {isa = PBXFileReference; lastKnownFileType = sourcecode.swift; path = RMCharacterListViewViewModel.swift; sourceTree = "<group>"; };
		395BE36F29798B8600DCD96C /* RMCharacterListView.swift */ = {isa = PBXFileReference; lastKnownFileType = sourcecode.swift; path = RMCharacterListView.swift; sourceTree = "<group>"; };
		395BE37229798F7900DCD96C /* Extensions.swift */ = {isa = PBXFileReference; lastKnownFileType = sourcecode.swift; path = Extensions.swift; sourceTree = "<group>"; };
		395BE374297AB0B000DCD96C /* RMCharacterCollectionViewCell.swift */ = {isa = PBXFileReference; lastKnownFileType = sourcecode.swift; path = RMCharacterCollectionViewCell.swift; sourceTree = "<group>"; };
		395BE376297AB1BB00DCD96C /* RMCharacterCollectionViewCellViewModel.swift */ = {isa = PBXFileReference; lastKnownFileType = sourcecode.swift; path = RMCharacterCollectionViewCellViewModel.swift; sourceTree = "<group>"; };
		395BE37A297AC4B200DCD96C /* RMCharacterDetailController.swift */ = {isa = PBXFileReference; lastKnownFileType = sourcecode.swift; path = RMCharacterDetailController.swift; sourceTree = "<group>"; };
		395BE37C297AC59900DCD96C /* RMCharacterDetailView.swift */ = {isa = PBXFileReference; lastKnownFileType = sourcecode.swift; path = RMCharacterDetailView.swift; sourceTree = "<group>"; };
		395BE37E297AC5C800DCD96C /* RMCharacterDetailViewViewModel.swift */ = {isa = PBXFileReference; lastKnownFileType = sourcecode.swift; path = RMCharacterDetailViewViewModel.swift; sourceTree = "<group>"; };
		395BE383297ACE3000DCD96C /* RMFooterLoadingCollectionReusableView.swift */ = {isa = PBXFileReference; lastKnownFileType = sourcecode.swift; path = RMFooterLoadingCollectionReusableView.swift; sourceTree = "<group>"; };
		395BE387297AE90A00DCD96C /* RMImageLoader.swift */ = {isa = PBXFileReference; lastKnownFileType = sourcecode.swift; path = RMImageLoader.swift; sourceTree = "<group>"; };
		395BE38B297ED6EA00DCD96C /* RMCompositionLayoutHelper.swift */ = {isa = PBXFileReference; lastKnownFileType = sourcecode.swift; path = RMCompositionLayoutHelper.swift; sourceTree = "<group>"; };
		395BE38F297EE1F200DCD96C /* RMCharacterPhotoCollectionViewCell.swift */ = {isa = PBXFileReference; lastKnownFileType = sourcecode.swift; path = RMCharacterPhotoCollectionViewCell.swift; sourceTree = "<group>"; };
		395BE391297EE20D00DCD96C /* RMCharacterInfoCollectionViewCell.swift */ = {isa = PBXFileReference; lastKnownFileType = sourcecode.swift; path = RMCharacterInfoCollectionViewCell.swift; sourceTree = "<group>"; };
		395BE393297EE21C00DCD96C /* RMCharacterEpisodeCollectionViewCell.swift */ = {isa = PBXFileReference; lastKnownFileType = sourcecode.swift; path = RMCharacterEpisodeCollectionViewCell.swift; sourceTree = "<group>"; };
		395BE396297EE26100DCD96C /* RMCharacterPhotoCollectionViewCellViewModel.swift */ = {isa = PBXFileReference; lastKnownFileType = sourcecode.swift; path = RMCharacterPhotoCollectionViewCellViewModel.swift; sourceTree = "<group>"; };
		395BE398297EE27000DCD96C /* RMCharacterInfoCollectionViewCellViewModel.swift */ = {isa = PBXFileReference; lastKnownFileType = sourcecode.swift; path = RMCharacterInfoCollectionViewCellViewModel.swift; sourceTree = "<group>"; };
		395BE39A297EE27E00DCD96C /* RMCharacterEpisodeCollectionViewCellViewModel.swift */ = {isa = PBXFileReference; lastKnownFileType = sourcecode.swift; path = RMCharacterEpisodeCollectionViewCellViewModel.swift; sourceTree = "<group>"; };
		395BE39D29816B1100DCD96C /* RMEpisodeDetailController.swift */ = {isa = PBXFileReference; lastKnownFileType = sourcecode.swift; path = RMEpisodeDetailController.swift; sourceTree = "<group>"; };
		395BE39F2983D53F00DCD96C /* RMAPICacheManager.swift */ = {isa = PBXFileReference; lastKnownFileType = sourcecode.swift; path = RMAPICacheManager.swift; sourceTree = "<group>"; };
		395BE3A22983DA9300DCD96C /* RMEpisodeDetailViewViewModel.swift */ = {isa = PBXFileReference; lastKnownFileType = sourcecode.swift; path = RMEpisodeDetailViewViewModel.swift; sourceTree = "<group>"; };
		395BE3A52983DAF000DCD96C /* RMEpisodeDetailView.swift */ = {isa = PBXFileReference; lastKnownFileType = sourcecode.swift; path = RMEpisodeDetailView.swift; sourceTree = "<group>"; };
		395BE3A82983DD8500DCD96C /* RMEpisodeListView.swift */ = {isa = PBXFileReference; lastKnownFileType = sourcecode.swift; path = RMEpisodeListView.swift; sourceTree = "<group>"; };
		395BE3AB2983E01900DCD96C /* RMEpisodeListViewViewModel.swift */ = {isa = PBXFileReference; lastKnownFileType = sourcecode.swift; path = RMEpisodeListViewViewModel.swift; sourceTree = "<group>"; };
		395BE3AD2983E2CB00DCD96C /* RMGetAllEpisodesResponse.swift */ = {isa = PBXFileReference; lastKnownFileType = sourcecode.swift; path = RMGetAllEpisodesResponse.swift; sourceTree = "<group>"; };
		395BE3AF2987DC0900DCD96C /* RMSearchController.swift */ = {isa = PBXFileReference; lastKnownFileType = sourcecode.swift; path = RMSearchController.swift; sourceTree = "<group>"; };
		395BE3B12987F8C200DCD96C /* RMEpisodeInfoCollectionViewCell.swift */ = {isa = PBXFileReference; lastKnownFileType = sourcecode.swift; path = RMEpisodeInfoCollectionViewCell.swift; sourceTree = "<group>"; };
		395BE3B32987F8F500DCD96C /* RMEpisodeInfoCollectionViewCellViewModel.swift */ = {isa = PBXFileReference; lastKnownFileType = sourcecode.swift; path = RMEpisodeInfoCollectionViewCellViewModel.swift; sourceTree = "<group>"; };
		395BE3B62989377500DCD96C /* RMSettingsViewViewModel.swift */ = {isa = PBXFileReference; lastKnownFileType = sourcecode.swift; path = RMSettingsViewViewModel.swift; sourceTree = "<group>"; };
		395BE3B9298937C600DCD96C /* RMSettingsCellViewModel.swift */ = {isa = PBXFileReference; lastKnownFileType = sourcecode.swift; path = RMSettingsCellViewModel.swift; sourceTree = "<group>"; };
		395BE3BB2989385200DCD96C /* RMSettingsOption.swift */ = {isa = PBXFileReference; lastKnownFileType = sourcecode.swift; path = RMSettingsOption.swift; sourceTree = "<group>"; };
		395BE3BE2989428400DCD96C /* RMSettingsView.swift */ = {isa = PBXFileReference; lastKnownFileType = sourcecode.swift; path = RMSettingsView.swift; sourceTree = "<group>"; };
		395BE47C299CDF9700DCD96C /* RMLocationView.swift */ = {isa = PBXFileReference; lastKnownFileType = sourcecode.swift; path = RMLocationView.swift; sourceTree = "<group>"; };
		395BE47F299CE27700DCD96C /* RMLocationViewViewModel.swift */ = {isa = PBXFileReference; lastKnownFileType = sourcecode.swift; path = RMLocationViewViewModel.swift; sourceTree = "<group>"; };
		395BE481299CEA9C00DCD96C /* RMGetAllLocationsResponse.swift */ = {isa = PBXFileReference; lastKnownFileType = sourcecode.swift; path = RMGetAllLocationsResponse.swift; sourceTree = "<group>"; };
		395BE483299CEBEC00DCD96C /* RMLocationTableViewCell.swift */ = {isa = PBXFileReference; lastKnownFileType = sourcecode.swift; path = RMLocationTableViewCell.swift; sourceTree = "<group>"; };
		395BE485299CEC8A00DCD96C /* RMLocationTableViewCellViewModel.swift */ = {isa = PBXFileReference; lastKnownFileType = sourcecode.swift; path = RMLocationTableViewCellViewModel.swift; sourceTree = "<group>"; };
		395BE487299CF73400DCD96C /* RMLocationDetailController.swift */ = {isa = PBXFileReference; lastKnownFileType = sourcecode.swift; path = RMLocationDetailController.swift; sourceTree = "<group>"; };
		395BE48A299CF8B500DCD96C /* RMLocationDetailView.swift */ = {isa = PBXFileReference; lastKnownFileType = sourcecode.swift; path = RMLocationDetailView.swift; sourceTree = "<group>"; };
		395BE48D299CFBA400DCD96C /* RMLocationDetailViewViewModel.swift */ = {isa = PBXFileReference; lastKnownFileType = sourcecode.swift; path = RMLocationDetailViewViewModel.swift; sourceTree = "<group>"; };
		398A04DC294B3C8E00E02110 /* NewTrainingProject.app */ = {isa = PBXFileReference; explicitFileType = wrapper.application; includeInIndex = 0; path = NewTrainingProject.app; sourceTree = BUILT_PRODUCTS_DIR; };
		398A04DF294B3C8E00E02110 /* AppDelegate.swift */ = {isa = PBXFileReference; lastKnownFileType = sourcecode.swift; path = AppDelegate.swift; sourceTree = "<group>"; };
		398A04E1294B3C8E00E02110 /* SceneDelegate.swift */ = {isa = PBXFileReference; lastKnownFileType = sourcecode.swift; path = SceneDelegate.swift; sourceTree = "<group>"; };
		398A04E3294B3C8E00E02110 /* AuthController.swift */ = {isa = PBXFileReference; lastKnownFileType = sourcecode.swift; path = AuthController.swift; sourceTree = "<group>"; };
		398A04EB294B3C8F00E02110 /* Assets.xcassets */ = {isa = PBXFileReference; lastKnownFileType = folder.assetcatalog; path = Assets.xcassets; sourceTree = "<group>"; };
		398A04EE294B3C8F00E02110 /* Base */ = {isa = PBXFileReference; lastKnownFileType = file.storyboard; name = Base; path = Base.lproj/LaunchScreen.storyboard; sourceTree = "<group>"; };
		398A04F0294B3C8F00E02110 /* Info.plist */ = {isa = PBXFileReference; lastKnownFileType = text.plist.xml; path = Info.plist; sourceTree = "<group>"; };
		398A04F8294B3F3A00E02110 /* ViewControllerPreview.swift */ = {isa = PBXFileReference; lastKnownFileType = sourcecode.swift; path = ViewControllerPreview.swift; sourceTree = "<group>"; };
		398A04FC294B426C00E02110 /* ColorHex.swift */ = {isa = PBXFileReference; lastKnownFileType = sourcecode.swift; path = ColorHex.swift; sourceTree = "<group>"; };
		398A04FF294B433000E02110 /* EasyLayouts.swift */ = {isa = PBXFileReference; lastKnownFileType = sourcecode.swift; path = EasyLayouts.swift; sourceTree = "<group>"; };
		398A0505294B445E00E02110 /* SignUpController.swift */ = {isa = PBXFileReference; lastKnownFileType = sourcecode.swift; path = SignUpController.swift; sourceTree = "<group>"; };
		398A0512294B599000E02110 /* DefaultUIClasses.swift */ = {isa = PBXFileReference; lastKnownFileType = sourcecode.swift; path = DefaultUIClasses.swift; sourceTree = "<group>"; };
		398A0514294B715000E02110 /* ViewControllerHelpers.swift */ = {isa = PBXFileReference; lastKnownFileType = sourcecode.swift; path = ViewControllerHelpers.swift; sourceTree = "<group>"; };
		398A0516294B7BB300E02110 /* HomeController.swift */ = {isa = PBXFileReference; lastKnownFileType = sourcecode.swift; path = HomeController.swift; sourceTree = "<group>"; };
		398A0518294C862400E02110 /* MenuView.swift */ = {isa = PBXFileReference; lastKnownFileType = sourcecode.swift; path = MenuView.swift; sourceTree = "<group>"; };
		398A051A294C877500E02110 /* ExtensionForSideMenu.swift */ = {isa = PBXFileReference; lastKnownFileType = sourcecode.swift; path = ExtensionForSideMenu.swift; sourceTree = "<group>"; };
		398A051C294C9CDD00E02110 /* SettingsController.swift */ = {isa = PBXFileReference; lastKnownFileType = sourcecode.swift; path = SettingsController.swift; sourceTree = "<group>"; };
		398A051E294DE4CB00E02110 /* ContainerController.swift */ = {isa = PBXFileReference; lastKnownFileType = sourcecode.swift; path = ContainerController.swift; sourceTree = "<group>"; };
		398A0520294DF72C00E02110 /* ChatController.swift */ = {isa = PBXFileReference; lastKnownFileType = sourcecode.swift; path = ChatController.swift; sourceTree = "<group>"; };
		398A05242951F25700E02110 /* ChatMessageCell.swift */ = {isa = PBXFileReference; lastKnownFileType = sourcecode.swift; path = ChatMessageCell.swift; sourceTree = "<group>"; };
		398A05272951F98900E02110 /* ChatModels.swift */ = {isa = PBXFileReference; lastKnownFileType = sourcecode.swift; path = ChatModels.swift; sourceTree = "<group>"; };
		398A052A29520BA400E02110 /* ChatMessageHeader.swift */ = {isa = PBXFileReference; lastKnownFileType = sourcecode.swift; path = ChatMessageHeader.swift; sourceTree = "<group>"; };
		398A052C2952117F00E02110 /* CustomDate.swift */ = {isa = PBXFileReference; lastKnownFileType = sourcecode.swift; path = CustomDate.swift; sourceTree = "<group>"; };
		398F31972953235000E1F7C5 /* StorageManager.swift */ = {isa = PBXFileReference; lastKnownFileType = sourcecode.swift; path = StorageManager.swift; sourceTree = "<group>"; };
		398F319E29548ACB00E1F7C5 /* DataBaseManager.swift */ = {isa = PBXFileReference; lastKnownFileType = sourcecode.swift; path = DataBaseManager.swift; sourceTree = "<group>"; };
		398F31A02955DD3C00E1F7C5 /* NewChatController.swift */ = {isa = PBXFileReference; lastKnownFileType = sourcecode.swift; path = NewChatController.swift; sourceTree = "<group>"; };
		398F31A22955E00D00E1F7C5 /* AllChatsController.swift */ = {isa = PBXFileReference; lastKnownFileType = sourcecode.swift; path = AllChatsController.swift; sourceTree = "<group>"; };
		398F31A42958601800E1F7C5 /* AllChatCell.swift */ = {isa = PBXFileReference; lastKnownFileType = sourcecode.swift; path = AllChatCell.swift; sourceTree = "<group>"; };
		398F31A629586FF900E1F7C5 /* DownloadImage.swift */ = {isa = PBXFileReference; lastKnownFileType = sourcecode.swift; path = DownloadImage.swift; sourceTree = "<group>"; };
		39C1250C29700F45003895DE /* GoogleService-Info.plist */ = {isa = PBXFileReference; fileEncoding = 4; lastKnownFileType = text.plist.xml; path = "GoogleService-Info.plist"; sourceTree = "<group>"; };
		39C1250F2970152B003895DE /* NewTrainingProject.xcdatamodel */ = {isa = PBXFileReference; lastKnownFileType = wrapper.xcdatamodel; path = NewTrainingProject.xcdatamodel; sourceTree = "<group>"; };
		39C1251429701750003895DE /* GoToRMController.swift */ = {isa = PBXFileReference; lastKnownFileType = sourcecode.swift; path = GoToRMController.swift; sourceTree = "<group>"; };
		646DF55D19BCB3DA133BCFB4 /* Pods-NewTrainingProject.release.xcconfig */ = {isa = PBXFileReference; includeInIndex = 1; lastKnownFileType = text.xcconfig; name = "Pods-NewTrainingProject.release.xcconfig"; path = "Target Support Files/Pods-NewTrainingProject/Pods-NewTrainingProject.release.xcconfig"; sourceTree = "<group>"; };
		7D5A73D77097E0D349E4A780 /* Pods_NewTrainingProject.framework */ = {isa = PBXFileReference; explicitFileType = wrapper.framework; includeInIndex = 0; path = Pods_NewTrainingProject.framework; sourceTree = BUILT_PRODUCTS_DIR; };
		977635C7DBA3F62A0B7EB380 /* Pods-NewTrainingProject.debug.xcconfig */ = {isa = PBXFileReference; includeInIndex = 1; lastKnownFileType = text.xcconfig; name = "Pods-NewTrainingProject.debug.xcconfig"; path = "Target Support Files/Pods-NewTrainingProject/Pods-NewTrainingProject.debug.xcconfig"; sourceTree = "<group>"; };
/* End PBXFileReference section */

/* Begin PBXFrameworksBuildPhase section */
		398A04D9294B3C8E00E02110 /* Frameworks */ = {
			isa = PBXFrameworksBuildPhase;
			buildActionMask = 2147483647;
			files = (
				FA436B48A2DB0DFA7851B75A /* Pods_NewTrainingProject.framework in Frameworks */,
			);
			runOnlyForDeploymentPostprocessing = 0;
		};
/* End PBXFrameworksBuildPhase section */

/* Begin PBXGroup section */
		154204CC11B6097703BCDC96 /* Frameworks */ = {
			isa = PBXGroup;
			children = (
				7D5A73D77097E0D349E4A780 /* Pods_NewTrainingProject.framework */,
			);
			name = Frameworks;
			sourceTree = "<group>";
		};
		390F475F29B762C3005DBE74 /* Search */ = {
			isa = PBXGroup;
			children = (
				390F476029B762D1005DBE74 /* RMSearchView.swift */,
				390F476529B764E7005DBE74 /* RMNoSearchResultsView.swift */,
				390F476929B76592005DBE74 /* RMSearchInputView.swift */,
			);
			path = Search;
			sourceTree = "<group>";
		};
		390F476229B76399005DBE74 /* Search */ = {
			isa = PBXGroup;
			children = (
				390F476329B763A4005DBE74 /* RMSearchViewViewModel.swift */,
				390F476729B7650D005DBE74 /* RMNoSearchResultsViewViewModel.swift */,
				390F476D29B765CE005DBE74 /* RMSearchInputViewViewModel.swift */,
			);
			path = Search;
			sourceTree = "<group>";
		};
		395BE3442978298100DCD96C /* Models */ = {
			isa = PBXGroup;
			children = (
				395BE3682979822E00DCD96C /* APIResponseTypes */,
				395BE3672979821100DCD96C /* DataTypes */,
			);
			path = Models;
			sourceTree = "<group>";
		};
		395BE35329782C9400DCD96C /* Managers */ = {
			isa = PBXGroup;
			children = (
				395BE37129798F5A00DCD96C /* Extensions */,
				395BE387297AE90A00DCD96C /* RMImageLoader.swift */,
				395BE38B297ED6EA00DCD96C /* RMCompositionLayoutHelper.swift */,
				395BE39F2983D53F00DCD96C /* RMAPICacheManager.swift */,
			);
			path = Managers;
			sourceTree = "<group>";
		};
		395BE3582978338A00DCD96C /* APIClient */ = {
			isa = PBXGroup;
			children = (
				395BE359297833A500DCD96C /* RMService.swift */,
				395BE35B297833BA00DCD96C /* RMRequest.swift */,
				395BE35D297834AF00DCD96C /* RMEndpoint.swift */,
			);
			path = APIClient;
			sourceTree = "<group>";
		};
		395BE3672979821100DCD96C /* DataTypes */ = {
			isa = PBXGroup;
			children = (
				395BE3452978299800DCD96C /* RMLocation.swift */,
				395BE347297829A600DCD96C /* RMCharacter.swift */,
				395BE349297829B500DCD96C /* RMEpisode.swift */,
				395BE35F297838F100DCD96C /* RMOrigin.swift */,
				395BE3612978398E00DCD96C /* RMSingleLocation.swift */,
				395BE36329783AAF00DCD96C /* RMCharacterStatus.swift */,
				395BE36529783B2900DCD96C /* RMCharacterGender.swift */,
			);
			path = DataTypes;
			sourceTree = "<group>";
		};
		395BE3682979822E00DCD96C /* APIResponseTypes */ = {
			isa = PBXGroup;
			children = (
				395BE3692979826500DCD96C /* RMGetAllCharactersResponse.swift */,
				395BE3AD2983E2CB00DCD96C /* RMGetAllEpisodesResponse.swift */,
				395BE481299CEA9C00DCD96C /* RMGetAllLocationsResponse.swift */,
			);
			path = APIResponseTypes;
			sourceTree = "<group>";
		};
		395BE36B29798AF400DCD96C /* VIewModels */ = {
			isa = PBXGroup;
			children = (
				390F476229B76399005DBE74 /* Search */,
				395BE48C299CFB9600DCD96C /* LocationDetail */,
				395BE47E299CE26D00DCD96C /* Location */,
				395BE3B52989370E00DCD96C /* Settings */,
				395BE3AA2983E00500DCD96C /* Episode */,
				395BE3A12983DA4C00DCD96C /* EpisodeDetails */,
				395BE39C297EE28E00DCD96C /* Character */,
				395BE395297EE24400DCD96C /* CharacterDetails */,
			);
			path = VIewModels;
			sourceTree = "<group>";
		};
		395BE36E29798B6600DCD96C /* Views */ = {
			isa = PBXGroup;
			children = (
				390F475F29B762C3005DBE74 /* Search */,
				395BE489299CF89F00DCD96C /* LocationDetail */,
				395BE47B299CDF8700DCD96C /* Location */,
				395BE3BD2989424E00DCD96C /* SwiftUI */,
				395BE3A72983DD6E00DCD96C /* Episode */,
				395BE3A42983DADE00DCD96C /* EpisodeDetail */,
				395BE38E297EE1B400DCD96C /* Character */,
				395BE38D297EE1AD00DCD96C /* CharacterDetail */,
			);
			path = Views;
			sourceTree = "<group>";
		};
		395BE37129798F5A00DCD96C /* Extensions */ = {
			isa = PBXGroup;
			children = (
				395BE37229798F7900DCD96C /* Extensions.swift */,
			);
			path = Extensions;
			sourceTree = "<group>";
		};
		395BE378297AC46100DCD96C /* SubControllers */ = {
			isa = PBXGroup;
			children = (
				395BE37A297AC4B200DCD96C /* RMCharacterDetailController.swift */,
				395BE39D29816B1100DCD96C /* RMEpisodeDetailController.swift */,
				395BE3AF2987DC0900DCD96C /* RMSearchController.swift */,
				395BE487299CF73400DCD96C /* RMLocationDetailController.swift */,
			);
			path = SubControllers;
			sourceTree = "<group>";
		};
		395BE382297ACD1500DCD96C /* MainControllers */ = {
			isa = PBXGroup;
			children = (
				39C1251429701750003895DE /* GoToRMController.swift */,
				395BE3422978291900DCD96C /* RMTabbarController.swift */,
				395BE34B29782A0900DCD96C /* RMLocationController.swift */,
				395BE34D29782A1600DCD96C /* RMCharacterController.swift */,
				395BE34F29782A2300DCD96C /* RMEpisodeController.swift */,
				395BE35129782A3300DCD96C /* RMSettingsController.swift */,
			);
			path = MainControllers;
			sourceTree = "<group>";
		};
		395BE38D297EE1AD00DCD96C /* CharacterDetail */ = {
			isa = PBXGroup;
			children = (
				395BE37C297AC59900DCD96C /* RMCharacterDetailView.swift */,
				395BE38F297EE1F200DCD96C /* RMCharacterPhotoCollectionViewCell.swift */,
				395BE391297EE20D00DCD96C /* RMCharacterInfoCollectionViewCell.swift */,
				395BE393297EE21C00DCD96C /* RMCharacterEpisodeCollectionViewCell.swift */,
			);
			path = CharacterDetail;
			sourceTree = "<group>";
		};
		395BE38E297EE1B400DCD96C /* Character */ = {
			isa = PBXGroup;
			children = (
				395BE383297ACE3000DCD96C /* RMFooterLoadingCollectionReusableView.swift */,
				395BE36F29798B8600DCD96C /* RMCharacterListView.swift */,
				395BE374297AB0B000DCD96C /* RMCharacterCollectionViewCell.swift */,
			);
			path = Character;
			sourceTree = "<group>";
		};
		395BE395297EE24400DCD96C /* CharacterDetails */ = {
			isa = PBXGroup;
			children = (
				395BE37E297AC5C800DCD96C /* RMCharacterDetailViewViewModel.swift */,
				395BE396297EE26100DCD96C /* RMCharacterPhotoCollectionViewCellViewModel.swift */,
				395BE398297EE27000DCD96C /* RMCharacterInfoCollectionViewCellViewModel.swift */,
				395BE39A297EE27E00DCD96C /* RMCharacterEpisodeCollectionViewCellViewModel.swift */,
			);
			path = CharacterDetails;
			sourceTree = "<group>";
		};
		395BE39C297EE28E00DCD96C /* Character */ = {
			isa = PBXGroup;
			children = (
				395BE36C29798B0E00DCD96C /* RMCharacterListViewViewModel.swift */,
				395BE376297AB1BB00DCD96C /* RMCharacterCollectionViewCellViewModel.swift */,
			);
			path = Character;
			sourceTree = "<group>";
		};
		395BE3A12983DA4C00DCD96C /* EpisodeDetails */ = {
			isa = PBXGroup;
			children = (
				395BE3A22983DA9300DCD96C /* RMEpisodeDetailViewViewModel.swift */,
				395BE3B32987F8F500DCD96C /* RMEpisodeInfoCollectionViewCellViewModel.swift */,
			);
			path = EpisodeDetails;
			sourceTree = "<group>";
		};
		395BE3A42983DADE00DCD96C /* EpisodeDetail */ = {
			isa = PBXGroup;
			children = (
				395BE3A52983DAF000DCD96C /* RMEpisodeDetailView.swift */,
				395BE3B12987F8C200DCD96C /* RMEpisodeInfoCollectionViewCell.swift */,
			);
			path = EpisodeDetail;
			sourceTree = "<group>";
		};
		395BE3A72983DD6E00DCD96C /* Episode */ = {
			isa = PBXGroup;
			children = (
				395BE3A82983DD8500DCD96C /* RMEpisodeListView.swift */,
			);
			path = Episode;
			sourceTree = "<group>";
		};
		395BE3AA2983E00500DCD96C /* Episode */ = {
			isa = PBXGroup;
			children = (
				395BE3AB2983E01900DCD96C /* RMEpisodeListViewViewModel.swift */,
			);
			path = Episode;
			sourceTree = "<group>";
		};
		395BE3B52989370E00DCD96C /* Settings */ = {
			isa = PBXGroup;
			children = (
				395BE3B62989377500DCD96C /* RMSettingsViewViewModel.swift */,
				395BE3B9298937C600DCD96C /* RMSettingsCellViewModel.swift */,
				395BE3BB2989385200DCD96C /* RMSettingsOption.swift */,
			);
			path = Settings;
			sourceTree = "<group>";
		};
		395BE3BD2989424E00DCD96C /* SwiftUI */ = {
			isa = PBXGroup;
			children = (
				395BE3BE2989428400DCD96C /* RMSettingsView.swift */,
			);
			path = SwiftUI;
			sourceTree = "<group>";
		};
		395BE47B299CDF8700DCD96C /* Location */ = {
			isa = PBXGroup;
			children = (
				395BE47C299CDF9700DCD96C /* RMLocationView.swift */,
				395BE483299CEBEC00DCD96C /* RMLocationTableViewCell.swift */,
			);
			path = Location;
			sourceTree = "<group>";
		};
		395BE47E299CE26D00DCD96C /* Location */ = {
			isa = PBXGroup;
			children = (
				395BE47F299CE27700DCD96C /* RMLocationViewViewModel.swift */,
				395BE485299CEC8A00DCD96C /* RMLocationTableViewCellViewModel.swift */,
			);
			path = Location;
			sourceTree = "<group>";
		};
		395BE489299CF89F00DCD96C /* LocationDetail */ = {
			isa = PBXGroup;
			children = (
				395BE48A299CF8B500DCD96C /* RMLocationDetailView.swift */,
			);
			path = LocationDetail;
			sourceTree = "<group>";
		};
		395BE48C299CFB9600DCD96C /* LocationDetail */ = {
			isa = PBXGroup;
			children = (
				395BE48D299CFBA400DCD96C /* RMLocationDetailViewViewModel.swift */,
			);
			path = LocationDetail;
			sourceTree = "<group>";
		};
		398A04D3294B3C8E00E02110 = {
			isa = PBXGroup;
			children = (
				398A04DE294B3C8E00E02110 /* NewTrainingProject */,
				398A04DD294B3C8E00E02110 /* Products */,
				CE6A2C1E33C297145DEFC60F /* Pods */,
				154204CC11B6097703BCDC96 /* Frameworks */,
			);
			sourceTree = "<group>";
		};
		398A04DD294B3C8E00E02110 /* Products */ = {
			isa = PBXGroup;
			children = (
				398A04DC294B3C8E00E02110 /* NewTrainingProject.app */,
			);
			name = Products;
			sourceTree = "<group>";
		};
		398A04DE294B3C8E00E02110 /* NewTrainingProject */ = {
			isa = PBXGroup;
			children = (
				39C1251129701614003895DE /* FirebaseChat */,
				39C1251229701678003895DE /* RMAPI */,
			);
			path = NewTrainingProject;
			sourceTree = "<group>";
		};
		398A04F6294B3F0300E02110 /* ExtensionsAndHelpers */ = {
			isa = PBXGroup;
			children = (
				398A0501294B436000E02110 /* ViewControllerHelpers */,
				398A04F7294B3F1500E02110 /* Extensions */,
			);
			path = ExtensionsAndHelpers;
			sourceTree = "<group>";
		};
		398A04F7294B3F1500E02110 /* Extensions */ = {
			isa = PBXGroup;
			children = (
				398A04F8294B3F3A00E02110 /* ViewControllerPreview.swift */,
				398A04FC294B426C00E02110 /* ColorHex.swift */,
				398A04FF294B433000E02110 /* EasyLayouts.swift */,
				398A0512294B599000E02110 /* DefaultUIClasses.swift */,
				398A051A294C877500E02110 /* ExtensionForSideMenu.swift */,
				398A052C2952117F00E02110 /* CustomDate.swift */,
				398F31A629586FF900E1F7C5 /* DownloadImage.swift */,
			);
			path = Extensions;
			sourceTree = "<group>";
		};
		398A0501294B436000E02110 /* ViewControllerHelpers */ = {
			isa = PBXGroup;
			children = (
				398A0514294B715000E02110 /* ViewControllerHelpers.swift */,
			);
			path = ViewControllerHelpers;
			sourceTree = "<group>";
		};
		398A0502294B43C700E02110 /* Controllers */ = {
			isa = PBXGroup;
			children = (
				398A0503294B43D300E02110 /* MainControllers */,
				398A0504294B444400E02110 /* SubControllers */,
			);
			path = Controllers;
			sourceTree = "<group>";
		};
		398A0503294B43D300E02110 /* MainControllers */ = {
			isa = PBXGroup;
			children = (
				398A051E294DE4CB00E02110 /* ContainerController.swift */,
				398A0516294B7BB300E02110 /* HomeController.swift */,
				398A051C294C9CDD00E02110 /* SettingsController.swift */,
				398F31A22955E00D00E1F7C5 /* AllChatsController.swift */,
			);
			path = MainControllers;
			sourceTree = "<group>";
		};
		398A0504294B444400E02110 /* SubControllers */ = {
			isa = PBXGroup;
			children = (
				398A04E3294B3C8E00E02110 /* AuthController.swift */,
				398A0505294B445E00E02110 /* SignUpController.swift */,
				398A0518294C862400E02110 /* MenuView.swift */,
				398F31A02955DD3C00E1F7C5 /* NewChatController.swift */,
				398A0520294DF72C00E02110 /* ChatController.swift */,
			);
			path = SubControllers;
			sourceTree = "<group>";
		};
		398A05222951F22D00E02110 /* Models */ = {
			isa = PBXGroup;
			children = (
				398A05272951F98900E02110 /* ChatModels.swift */,
				398A05232951F23B00E02110 /* Cells */,
			);
			path = Models;
			sourceTree = "<group>";
		};
		398A05232951F23B00E02110 /* Cells */ = {
			isa = PBXGroup;
			children = (
				398A052929520B8200E02110 /* CellForChat */,
			);
			path = Cells;
			sourceTree = "<group>";
		};
		398A052929520B8200E02110 /* CellForChat */ = {
			isa = PBXGroup;
			children = (
				398F31A42958601800E1F7C5 /* AllChatCell.swift */,
				398A05242951F25700E02110 /* ChatMessageCell.swift */,
				398A052A29520BA400E02110 /* ChatMessageHeader.swift */,
			);
			path = CellForChat;
			sourceTree = "<group>";
		};
		398F31962953231500E1F7C5 /* Resources */ = {
			isa = PBXGroup;
			children = (
				398F31972953235000E1F7C5 /* StorageManager.swift */,
				398F319E29548ACB00E1F7C5 /* DataBaseManager.swift */,
				398A04DF294B3C8E00E02110 /* AppDelegate.swift */,
				398A04E1294B3C8E00E02110 /* SceneDelegate.swift */,
				398A04ED294B3C8F00E02110 /* LaunchScreen.storyboard */,
				398A04EB294B3C8F00E02110 /* Assets.xcassets */,
				398A04F0294B3C8F00E02110 /* Info.plist */,
				39C1250C29700F45003895DE /* GoogleService-Info.plist */,
				39C1250E2970152B003895DE /* NewTrainingProject.xcdatamodeld */,
			);
			path = Resources;
			sourceTree = "<group>";
		};
		39C1251129701614003895DE /* FirebaseChat */ = {
			isa = PBXGroup;
			children = (
				398A0502294B43C700E02110 /* Controllers */,
				398A05222951F22D00E02110 /* Models */,
				398A04F6294B3F0300E02110 /* ExtensionsAndHelpers */,
				398F31962953231500E1F7C5 /* Resources */,
			);
			path = FirebaseChat;
			sourceTree = "<group>";
		};
		39C1251229701678003895DE /* RMAPI */ = {
			isa = PBXGroup;
			children = (
				395BE3582978338A00DCD96C /* APIClient */,
				39C1251329701738003895DE /* Controllers */,
				395BE3442978298100DCD96C /* Models */,
				395BE36B29798AF400DCD96C /* VIewModels */,
				395BE36E29798B6600DCD96C /* Views */,
				395BE35329782C9400DCD96C /* Managers */,
			);
			path = RMAPI;
			sourceTree = "<group>";
		};
		39C1251329701738003895DE /* Controllers */ = {
			isa = PBXGroup;
			children = (
				395BE382297ACD1500DCD96C /* MainControllers */,
				395BE378297AC46100DCD96C /* SubControllers */,
			);
			path = Controllers;
			sourceTree = "<group>";
		};
		CE6A2C1E33C297145DEFC60F /* Pods */ = {
			isa = PBXGroup;
			children = (
				977635C7DBA3F62A0B7EB380 /* Pods-NewTrainingProject.debug.xcconfig */,
				646DF55D19BCB3DA133BCFB4 /* Pods-NewTrainingProject.release.xcconfig */,
			);
			path = Pods;
			sourceTree = "<group>";
		};
/* End PBXGroup section */

/* Begin PBXNativeTarget section */
		398A04DB294B3C8E00E02110 /* NewTrainingProject */ = {
			isa = PBXNativeTarget;
			buildConfigurationList = 398A04F3294B3C8F00E02110 /* Build configuration list for PBXNativeTarget "NewTrainingProject" */;
			buildPhases = (
				C604F4ADC6D8B615E34334FB /* [CP] Check Pods Manifest.lock */,
				398A04D8294B3C8E00E02110 /* Sources */,
				398A04D9294B3C8E00E02110 /* Frameworks */,
				398A04DA294B3C8E00E02110 /* Resources */,
				B812069544DBF0ABD7DCF7F9 /* [CP] Embed Pods Frameworks */,
			);
			buildRules = (
			);
			dependencies = (
			);
			name = NewTrainingProject;
			productName = NewTrainingProject;
			productReference = 398A04DC294B3C8E00E02110 /* NewTrainingProject.app */;
			productType = "com.apple.product-type.application";
		};
/* End PBXNativeTarget section */

/* Begin PBXProject section */
		398A04D4294B3C8E00E02110 /* Project object */ = {
			isa = PBXProject;
			attributes = {
				BuildIndependentTargetsInParallel = 1;
				LastSwiftUpdateCheck = 1420;
				LastUpgradeCheck = 1420;
				TargetAttributes = {
					398A04DB294B3C8E00E02110 = {
						CreatedOnToolsVersion = 14.2;
					};
				};
			};
			buildConfigurationList = 398A04D7294B3C8E00E02110 /* Build configuration list for PBXProject "NewTrainingProject" */;
			compatibilityVersion = "Xcode 14.0";
			developmentRegion = en;
			hasScannedForEncodings = 0;
			knownRegions = (
				en,
				Base,
			);
			mainGroup = 398A04D3294B3C8E00E02110;
			productRefGroup = 398A04DD294B3C8E00E02110 /* Products */;
			projectDirPath = "";
			projectRoot = "";
			targets = (
				398A04DB294B3C8E00E02110 /* NewTrainingProject */,
			);
		};
/* End PBXProject section */

/* Begin PBXResourcesBuildPhase section */
		398A04DA294B3C8E00E02110 /* Resources */ = {
			isa = PBXResourcesBuildPhase;
			buildActionMask = 2147483647;
			files = (
				398A04EF294B3C8F00E02110 /* LaunchScreen.storyboard in Resources */,
				398A04EC294B3C8F00E02110 /* Assets.xcassets in Resources */,
				39C1250D29700F45003895DE /* GoogleService-Info.plist in Resources */,
			);
			runOnlyForDeploymentPostprocessing = 0;
		};
/* End PBXResourcesBuildPhase section */

/* Begin PBXShellScriptBuildPhase section */
		B812069544DBF0ABD7DCF7F9 /* [CP] Embed Pods Frameworks */ = {
			isa = PBXShellScriptBuildPhase;
			buildActionMask = 2147483647;
			files = (
			);
			inputFileListPaths = (
				"${PODS_ROOT}/Target Support Files/Pods-NewTrainingProject/Pods-NewTrainingProject-frameworks-${CONFIGURATION}-input-files.xcfilelist",
			);
			name = "[CP] Embed Pods Frameworks";
			outputFileListPaths = (
				"${PODS_ROOT}/Target Support Files/Pods-NewTrainingProject/Pods-NewTrainingProject-frameworks-${CONFIGURATION}-output-files.xcfilelist",
			);
			runOnlyForDeploymentPostprocessing = 0;
			shellPath = /bin/sh;
			shellScript = "\"${PODS_ROOT}/Target Support Files/Pods-NewTrainingProject/Pods-NewTrainingProject-frameworks.sh\"\n";
			showEnvVarsInLog = 0;
		};
		C604F4ADC6D8B615E34334FB /* [CP] Check Pods Manifest.lock */ = {
			isa = PBXShellScriptBuildPhase;
			buildActionMask = 2147483647;
			files = (
			);
			inputFileListPaths = (
			);
			inputPaths = (
				"${PODS_PODFILE_DIR_PATH}/Podfile.lock",
				"${PODS_ROOT}/Manifest.lock",
			);
			name = "[CP] Check Pods Manifest.lock";
			outputFileListPaths = (
			);
			outputPaths = (
				"$(DERIVED_FILE_DIR)/Pods-NewTrainingProject-checkManifestLockResult.txt",
			);
			runOnlyForDeploymentPostprocessing = 0;
			shellPath = /bin/sh;
			shellScript = "diff \"${PODS_PODFILE_DIR_PATH}/Podfile.lock\" \"${PODS_ROOT}/Manifest.lock\" > /dev/null\nif [ $? != 0 ] ; then\n    # print error to STDERR\n    echo \"error: The sandbox is not in sync with the Podfile.lock. Run 'pod install' or update your CocoaPods installation.\" >&2\n    exit 1\nfi\n# This output is used by Xcode 'outputs' to avoid re-running this script phase.\necho \"SUCCESS\" > \"${SCRIPT_OUTPUT_FILE_0}\"\n";
			showEnvVarsInLog = 0;
		};
/* End PBXShellScriptBuildPhase section */

/* Begin PBXSourcesBuildPhase section */
		398A04D8294B3C8E00E02110 /* Sources */ = {
			isa = PBXSourcesBuildPhase;
			buildActionMask = 2147483647;
			files = (
				395BE384297ACE3000DCD96C /* RMFooterLoadingCollectionReusableView.swift in Sources */,
				395BE392297EE20D00DCD96C /* RMCharacterInfoCollectionViewCell.swift in Sources */,
				395BE3B22987F8C200DCD96C /* RMEpisodeInfoCollectionViewCell.swift in Sources */,
				395BE35C297833BA00DCD96C /* RMRequest.swift in Sources */,
				395BE399297EE27000DCD96C /* RMCharacterInfoCollectionViewCellViewModel.swift in Sources */,
				398A051B294C877500E02110 /* ExtensionForSideMenu.swift in Sources */,
				395BE486299CEC8A00DCD96C /* RMLocationTableViewCellViewModel.swift in Sources */,
				395BE388297AE90A00DCD96C /* RMImageLoader.swift in Sources */,
				395BE34A297829B500DCD96C /* RMEpisode.swift in Sources */,
				398A0500294B433000E02110 /* EasyLayouts.swift in Sources */,
				398A05252951F25700E02110 /* ChatMessageCell.swift in Sources */,
				395BE3BF2989428400DCD96C /* RMSettingsView.swift in Sources */,
				398F31A729586FF900E1F7C5 /* DownloadImage.swift in Sources */,
				395BE3A62983DAF000DCD96C /* RMEpisodeDetailView.swift in Sources */,
				395BE3BA298937C600DCD96C /* RMSettingsCellViewModel.swift in Sources */,
				395BE39B297EE27E00DCD96C /* RMCharacterEpisodeCollectionViewCellViewModel.swift in Sources */,
				395BE3BC2989385200DCD96C /* RMSettingsOption.swift in Sources */,
				398F31982953235000E1F7C5 /* StorageManager.swift in Sources */,
				395BE3B42987F8F500DCD96C /* RMEpisodeInfoCollectionViewCellViewModel.swift in Sources */,
				395BE37F297AC5C800DCD96C /* RMCharacterDetailViewViewModel.swift in Sources */,
				398F31A52958601800E1F7C5 /* AllChatCell.swift in Sources */,
				395BE48B299CF8B500DCD96C /* RMLocationDetailView.swift in Sources */,
				398A05282951F98900E02110 /* ChatModels.swift in Sources */,
				395BE35029782A2300DCD96C /* RMEpisodeController.swift in Sources */,
				390F476A29B76592005DBE74 /* RMSearchInputView.swift in Sources */,
				395BE48E299CFBA400DCD96C /* RMLocationDetailViewViewModel.swift in Sources */,
				398A0519294C862400E02110 /* MenuView.swift in Sources */,
				395BE3622978398E00DCD96C /* RMSingleLocation.swift in Sources */,
				395BE3A02983D53F00DCD96C /* RMAPICacheManager.swift in Sources */,
				395BE37029798B8600DCD96C /* RMCharacterListView.swift in Sources */,
				398A0513294B599000E02110 /* DefaultUIClasses.swift in Sources */,
				390F476429B763A4005DBE74 /* RMSearchViewViewModel.swift in Sources */,
				398A04FD294B426C00E02110 /* ColorHex.swift in Sources */,
				398A052D2952117F00E02110 /* CustomDate.swift in Sources */,
				395BE35229782A3300DCD96C /* RMSettingsController.swift in Sources */,
				398F319F29548ACB00E1F7C5 /* DataBaseManager.swift in Sources */,
				39C125102970152B003895DE /* NewTrainingProject.xcdatamodeld in Sources */,
				395BE3462978299800DCD96C /* RMLocation.swift in Sources */,
				390F476E29B765CE005DBE74 /* RMSearchInputViewViewModel.swift in Sources */,
				39C1251529701750003895DE /* GoToRMController.swift in Sources */,
				398A0515294B715000E02110 /* ViewControllerHelpers.swift in Sources */,
				395BE488299CF73400DCD96C /* RMLocationDetailController.swift in Sources */,
				395BE3AC2983E01900DCD96C /* RMEpisodeListViewViewModel.swift in Sources */,
				395BE377297AB1BB00DCD96C /* RMCharacterCollectionViewCellViewModel.swift in Sources */,
				395BE37B297AC4B200DCD96C /* RMCharacterDetailController.swift in Sources */,
				395BE47D299CDF9700DCD96C /* RMLocationView.swift in Sources */,
				390F476129B762D1005DBE74 /* RMSearchView.swift in Sources */,
				395BE3B72989377500DCD96C /* RMSettingsViewViewModel.swift in Sources */,
				395BE37D297AC59900DCD96C /* RMCharacterDetailView.swift in Sources */,
				395BE3A32983DA9300DCD96C /* RMEpisodeDetailViewViewModel.swift in Sources */,
				395BE34C29782A0900DCD96C /* RMLocationController.swift in Sources */,
				395BE3A92983DD8500DCD96C /* RMEpisodeListView.swift in Sources */,
				395BE37329798F7900DCD96C /* Extensions.swift in Sources */,
				398A0506294B445E00E02110 /* SignUpController.swift in Sources */,
				398A04F9294B3F3A00E02110 /* ViewControllerPreview.swift in Sources */,
				395BE36629783B2900DCD96C /* RMCharacterGender.swift in Sources */,
				395BE35E297834AF00DCD96C /* RMEndpoint.swift in Sources */,
				398A0517294B7BB300E02110 /* HomeController.swift in Sources */,
				398A051D294C9CDD00E02110 /* SettingsController.swift in Sources */,
				395BE480299CE27700DCD96C /* RMLocationViewViewModel.swift in Sources */,
				390F476629B764E7005DBE74 /* RMNoSearchResultsView.swift in Sources */,
				395BE3B02987DC0900DCD96C /* RMSearchController.swift in Sources */,
				398A0521294DF72C00E02110 /* ChatController.swift in Sources */,
				398F31A12955DD3C00E1F7C5 /* NewChatController.swift in Sources */,
				395BE35A297833A600DCD96C /* RMService.swift in Sources */,
				395BE390297EE1F200DCD96C /* RMCharacterPhotoCollectionViewCell.swift in Sources */,
				395BE482299CEA9C00DCD96C /* RMGetAllLocationsResponse.swift in Sources */,
				398A04E4294B3C8E00E02110 /* AuthController.swift in Sources */,
				395BE394297EE21C00DCD96C /* RMCharacterEpisodeCollectionViewCell.swift in Sources */,
				395BE3AE2983E2CB00DCD96C /* RMGetAllEpisodesResponse.swift in Sources */,
				395BE397297EE26100DCD96C /* RMCharacterPhotoCollectionViewCellViewModel.swift in Sources */,
				398F31A32955E00D00E1F7C5 /* AllChatsController.swift in Sources */,
				395BE360297838F100DCD96C /* RMOrigin.swift in Sources */,
				395BE348297829A600DCD96C /* RMCharacter.swift in Sources */,
				395BE38C297ED6EA00DCD96C /* RMCompositionLayoutHelper.swift in Sources */,
				395BE34E29782A1600DCD96C /* RMCharacterController.swift in Sources */,
				395BE484299CEBEC00DCD96C /* RMLocationTableViewCell.swift in Sources */,
				395BE36429783AAF00DCD96C /* RMCharacterStatus.swift in Sources */,
				398A052B29520BA400E02110 /* ChatMessageHeader.swift in Sources */,
				398A04E0294B3C8E00E02110 /* AppDelegate.swift in Sources */,
				398A04E2294B3C8E00E02110 /* SceneDelegate.swift in Sources */,
				395BE3432978291900DCD96C /* RMTabbarController.swift in Sources */,
				390F476829B7650D005DBE74 /* RMNoSearchResultsViewViewModel.swift in Sources */,
				395BE36A2979826500DCD96C /* RMGetAllCharactersResponse.swift in Sources */,
				395BE36D29798B0E00DCD96C /* RMCharacterListViewViewModel.swift in Sources */,
				395BE39E29816B1100DCD96C /* RMEpisodeDetailController.swift in Sources */,
				395BE375297AB0B000DCD96C /* RMCharacterCollectionViewCell.swift in Sources */,
				398A051F294DE4CB00E02110 /* ContainerController.swift in Sources */,
			);
			runOnlyForDeploymentPostprocessing = 0;
		};
/* End PBXSourcesBuildPhase section */

/* Begin PBXVariantGroup section */
		398A04ED294B3C8F00E02110 /* LaunchScreen.storyboard */ = {
			isa = PBXVariantGroup;
			children = (
				398A04EE294B3C8F00E02110 /* Base */,
			);
			name = LaunchScreen.storyboard;
			sourceTree = "<group>";
		};
/* End PBXVariantGroup section */

/* Begin XCBuildConfiguration section */
		398A04F1294B3C8F00E02110 /* Debug */ = {
			isa = XCBuildConfiguration;
			buildSettings = {
				ALWAYS_SEARCH_USER_PATHS = NO;
				CLANG_ANALYZER_NONNULL = YES;
				CLANG_ANALYZER_NUMBER_OBJECT_CONVERSION = YES_AGGRESSIVE;
				CLANG_CXX_LANGUAGE_STANDARD = "gnu++20";
				CLANG_ENABLE_MODULES = YES;
				CLANG_ENABLE_OBJC_ARC = YES;
				CLANG_ENABLE_OBJC_WEAK = YES;
				CLANG_WARN_BLOCK_CAPTURE_AUTORELEASING = YES;
				CLANG_WARN_BOOL_CONVERSION = YES;
				CLANG_WARN_COMMA = YES;
				CLANG_WARN_CONSTANT_CONVERSION = YES;
				CLANG_WARN_DEPRECATED_OBJC_IMPLEMENTATIONS = YES;
				CLANG_WARN_DIRECT_OBJC_ISA_USAGE = YES_ERROR;
				CLANG_WARN_DOCUMENTATION_COMMENTS = YES;
				CLANG_WARN_EMPTY_BODY = YES;
				CLANG_WARN_ENUM_CONVERSION = YES;
				CLANG_WARN_INFINITE_RECURSION = YES;
				CLANG_WARN_INT_CONVERSION = YES;
				CLANG_WARN_NON_LITERAL_NULL_CONVERSION = YES;
				CLANG_WARN_OBJC_IMPLICIT_RETAIN_SELF = YES;
				CLANG_WARN_OBJC_LITERAL_CONVERSION = YES;
				CLANG_WARN_OBJC_ROOT_CLASS = YES_ERROR;
				CLANG_WARN_QUOTED_INCLUDE_IN_FRAMEWORK_HEADER = YES;
				CLANG_WARN_RANGE_LOOP_ANALYSIS = YES;
				CLANG_WARN_STRICT_PROTOTYPES = YES;
				CLANG_WARN_SUSPICIOUS_MOVE = YES;
				CLANG_WARN_UNGUARDED_AVAILABILITY = YES_AGGRESSIVE;
				CLANG_WARN_UNREACHABLE_CODE = YES;
				CLANG_WARN__DUPLICATE_METHOD_MATCH = YES;
				COPY_PHASE_STRIP = NO;
				DEBUG_INFORMATION_FORMAT = dwarf;
				ENABLE_STRICT_OBJC_MSGSEND = YES;
				ENABLE_TESTABILITY = YES;
				GCC_C_LANGUAGE_STANDARD = gnu11;
				GCC_DYNAMIC_NO_PIC = NO;
				GCC_NO_COMMON_BLOCKS = YES;
				GCC_OPTIMIZATION_LEVEL = 0;
				GCC_PREPROCESSOR_DEFINITIONS = (
					"DEBUG=1",
					"$(inherited)",
				);
				GCC_WARN_64_TO_32_BIT_CONVERSION = YES;
				GCC_WARN_ABOUT_RETURN_TYPE = YES_ERROR;
				GCC_WARN_UNDECLARED_SELECTOR = YES;
				GCC_WARN_UNINITIALIZED_AUTOS = YES_AGGRESSIVE;
				GCC_WARN_UNUSED_FUNCTION = YES;
				GCC_WARN_UNUSED_VARIABLE = YES;
				IPHONEOS_DEPLOYMENT_TARGET = 15.0;
				MTL_ENABLE_DEBUG_INFO = INCLUDE_SOURCE;
				MTL_FAST_MATH = YES;
				ONLY_ACTIVE_ARCH = YES;
				SDKROOT = iphoneos;
				SWIFT_ACTIVE_COMPILATION_CONDITIONS = DEBUG;
				SWIFT_OPTIMIZATION_LEVEL = "-Onone";
			};
			name = Debug;
		};
		398A04F2294B3C8F00E02110 /* Release */ = {
			isa = XCBuildConfiguration;
			buildSettings = {
				ALWAYS_SEARCH_USER_PATHS = NO;
				CLANG_ANALYZER_NONNULL = YES;
				CLANG_ANALYZER_NUMBER_OBJECT_CONVERSION = YES_AGGRESSIVE;
				CLANG_CXX_LANGUAGE_STANDARD = "gnu++20";
				CLANG_ENABLE_MODULES = YES;
				CLANG_ENABLE_OBJC_ARC = YES;
				CLANG_ENABLE_OBJC_WEAK = YES;
				CLANG_WARN_BLOCK_CAPTURE_AUTORELEASING = YES;
				CLANG_WARN_BOOL_CONVERSION = YES;
				CLANG_WARN_COMMA = YES;
				CLANG_WARN_CONSTANT_CONVERSION = YES;
				CLANG_WARN_DEPRECATED_OBJC_IMPLEMENTATIONS = YES;
				CLANG_WARN_DIRECT_OBJC_ISA_USAGE = YES_ERROR;
				CLANG_WARN_DOCUMENTATION_COMMENTS = YES;
				CLANG_WARN_EMPTY_BODY = YES;
				CLANG_WARN_ENUM_CONVERSION = YES;
				CLANG_WARN_INFINITE_RECURSION = YES;
				CLANG_WARN_INT_CONVERSION = YES;
				CLANG_WARN_NON_LITERAL_NULL_CONVERSION = YES;
				CLANG_WARN_OBJC_IMPLICIT_RETAIN_SELF = YES;
				CLANG_WARN_OBJC_LITERAL_CONVERSION = YES;
				CLANG_WARN_OBJC_ROOT_CLASS = YES_ERROR;
				CLANG_WARN_QUOTED_INCLUDE_IN_FRAMEWORK_HEADER = YES;
				CLANG_WARN_RANGE_LOOP_ANALYSIS = YES;
				CLANG_WARN_STRICT_PROTOTYPES = YES;
				CLANG_WARN_SUSPICIOUS_MOVE = YES;
				CLANG_WARN_UNGUARDED_AVAILABILITY = YES_AGGRESSIVE;
				CLANG_WARN_UNREACHABLE_CODE = YES;
				CLANG_WARN__DUPLICATE_METHOD_MATCH = YES;
				COPY_PHASE_STRIP = NO;
				DEBUG_INFORMATION_FORMAT = "dwarf-with-dsym";
				ENABLE_NS_ASSERTIONS = NO;
				ENABLE_STRICT_OBJC_MSGSEND = YES;
				GCC_C_LANGUAGE_STANDARD = gnu11;
				GCC_NO_COMMON_BLOCKS = YES;
				GCC_WARN_64_TO_32_BIT_CONVERSION = YES;
				GCC_WARN_ABOUT_RETURN_TYPE = YES_ERROR;
				GCC_WARN_UNDECLARED_SELECTOR = YES;
				GCC_WARN_UNINITIALIZED_AUTOS = YES_AGGRESSIVE;
				GCC_WARN_UNUSED_FUNCTION = YES;
				GCC_WARN_UNUSED_VARIABLE = YES;
				IPHONEOS_DEPLOYMENT_TARGET = 15.0;
				MTL_ENABLE_DEBUG_INFO = NO;
				MTL_FAST_MATH = YES;
				SDKROOT = iphoneos;
				SWIFT_COMPILATION_MODE = wholemodule;
				SWIFT_OPTIMIZATION_LEVEL = "-O";
				VALIDATE_PRODUCT = YES;
			};
			name = Release;
		};
		398A04F4294B3C8F00E02110 /* Debug */ = {
			isa = XCBuildConfiguration;
			baseConfigurationReference = 977635C7DBA3F62A0B7EB380 /* Pods-NewTrainingProject.debug.xcconfig */;
			buildSettings = {
				ASSETCATALOG_COMPILER_APPICON_NAME = AppIcon;
				ASSETCATALOG_COMPILER_GLOBAL_ACCENT_COLOR_NAME = AccentColor;
				CODE_SIGN_STYLE = Automatic;
				CURRENT_PROJECT_VERSION = 1;
				DEVELOPMENT_TEAM = Z77PMGH233;
				GENERATE_INFOPLIST_FILE = YES;
				INFOPLIST_FILE = NewTrainingProject/FirebaseChat/Resources/Info.plist;
				INFOPLIST_KEY_CFBundleDisplayName = TranningProject;
				INFOPLIST_KEY_LSApplicationCategoryType = "public.app-category.education";
				INFOPLIST_KEY_NSCameraUsageDescription = "Please allow access to take a profile photo";
				INFOPLIST_KEY_NSPhotoLibraryAddUsageDescription = "Please allow access to select a photo for your profile";
				INFOPLIST_KEY_UIApplicationSupportsIndirectInputEvents = YES;
				INFOPLIST_KEY_UILaunchStoryboardName = LaunchScreen;
				INFOPLIST_KEY_UIStatusBarStyle = "";
				INFOPLIST_KEY_UISupportedInterfaceOrientations = UIInterfaceOrientationPortrait;
				INFOPLIST_KEY_UIUserInterfaceStyle = Automatic;
				IPHONEOS_DEPLOYMENT_TARGET = 15.0;
				LD_RUNPATH_SEARCH_PATHS = (
					"$(inherited)",
					"@executable_path/Frameworks",
				);
				MARKETING_VERSION = 1.0;
				PRODUCT_BUNDLE_IDENTIFIER = com.AV.NewTrainingProject;
				PRODUCT_NAME = "$(TARGET_NAME)";
				SUPPORTED_PLATFORMS = "iphoneos iphonesimulator";
				SUPPORTS_MACCATALYST = NO;
				SUPPORTS_MAC_DESIGNED_FOR_IPHONE_IPAD = NO;
				SWIFT_EMIT_LOC_STRINGS = YES;
				SWIFT_VERSION = 5.0;
				TARGETED_DEVICE_FAMILY = "1,2";
			};
			name = Debug;
		};
		398A04F5294B3C8F00E02110 /* Release */ = {
			isa = XCBuildConfiguration;
			baseConfigurationReference = 646DF55D19BCB3DA133BCFB4 /* Pods-NewTrainingProject.release.xcconfig */;
			buildSettings = {
				ASSETCATALOG_COMPILER_APPICON_NAME = AppIcon;
				ASSETCATALOG_COMPILER_GLOBAL_ACCENT_COLOR_NAME = AccentColor;
				CODE_SIGN_STYLE = Automatic;
				CURRENT_PROJECT_VERSION = 1;
				DEVELOPMENT_TEAM = Z77PMGH233;
				GENERATE_INFOPLIST_FILE = YES;
				INFOPLIST_FILE = NewTrainingProject/FirebaseChat/Resources/Info.plist;
				INFOPLIST_KEY_CFBundleDisplayName = TranningProject;
				INFOPLIST_KEY_LSApplicationCategoryType = "public.app-category.education";
				INFOPLIST_KEY_NSCameraUsageDescription = "Please allow access to take a profile photo";
				INFOPLIST_KEY_NSPhotoLibraryAddUsageDescription = "Please allow access to select a photo for your profile";
				INFOPLIST_KEY_UIApplicationSupportsIndirectInputEvents = YES;
				INFOPLIST_KEY_UILaunchStoryboardName = LaunchScreen;
				INFOPLIST_KEY_UIStatusBarStyle = "";
				INFOPLIST_KEY_UISupportedInterfaceOrientations = UIInterfaceOrientationPortrait;
				IPHONEOS_DEPLOYMENT_TARGET = 15.0;
				LD_RUNPATH_SEARCH_PATHS = (
					"$(inherited)",
					"@executable_path/Frameworks",
				);
				MARKETING_VERSION = 1.0;
				PRODUCT_BUNDLE_IDENTIFIER = com.AV.NewTrainingProject;
				PRODUCT_NAME = "$(TARGET_NAME)";
				SUPPORTED_PLATFORMS = "iphoneos iphonesimulator";
				SUPPORTS_MACCATALYST = NO;
				SUPPORTS_MAC_DESIGNED_FOR_IPHONE_IPAD = NO;
				SWIFT_EMIT_LOC_STRINGS = YES;
				SWIFT_VERSION = 5.0;
				TARGETED_DEVICE_FAMILY = "1,2";
			};
			name = Release;
		};
/* End XCBuildConfiguration section */

/* Begin XCConfigurationList section */
		398A04D7294B3C8E00E02110 /* Build configuration list for PBXProject "NewTrainingProject" */ = {
			isa = XCConfigurationList;
			buildConfigurations = (
				398A04F1294B3C8F00E02110 /* Debug */,
				398A04F2294B3C8F00E02110 /* Release */,
			);
			defaultConfigurationIsVisible = 0;
			defaultConfigurationName = Release;
		};
		398A04F3294B3C8F00E02110 /* Build configuration list for PBXNativeTarget "NewTrainingProject" */ = {
			isa = XCConfigurationList;
			buildConfigurations = (
				398A04F4294B3C8F00E02110 /* Debug */,
				398A04F5294B3C8F00E02110 /* Release */,
			);
			defaultConfigurationIsVisible = 0;
			defaultConfigurationName = Release;
		};
/* End XCConfigurationList section */

/* Begin XCVersionGroup section */
		39C1250E2970152B003895DE /* NewTrainingProject.xcdatamodeld */ = {
			isa = XCVersionGroup;
			children = (
				39C1250F2970152B003895DE /* NewTrainingProject.xcdatamodel */,
			);
			currentVersion = 39C1250F2970152B003895DE /* NewTrainingProject.xcdatamodel */;
			path = NewTrainingProject.xcdatamodeld;
			sourceTree = "<group>";
			versionGroupType = wrapper.xcdatamodel;
		};
/* End XCVersionGroup section */
	};
	rootObject = 398A04D4294B3C8E00E02110 /* Project object */;
}
