// !$*UTF8*$!
{
	archiveVersion = 1;
	classes = {
	};
	objectVersion = 56;
	objects = {

/* Begin PBXBuildFile section */
		398A04E0294B3C8E00E02110 /* AppDelegate.swift in Sources */ = {isa = PBXBuildFile; fileRef = 398A04DF294B3C8E00E02110 /* AppDelegate.swift */; };
		398A04E2294B3C8E00E02110 /* SceneDelegate.swift in Sources */ = {isa = PBXBuildFile; fileRef = 398A04E1294B3C8E00E02110 /* SceneDelegate.swift */; };
		398A04E4294B3C8E00E02110 /* ViewController.swift in Sources */ = {isa = PBXBuildFile; fileRef = 398A04E3294B3C8E00E02110 /* ViewController.swift */; };
		398A04E7294B3C8E00E02110 /* Main.storyboard in Resources */ = {isa = PBXBuildFile; fileRef = 398A04E5294B3C8E00E02110 /* Main.storyboard */; };
		398A04EA294B3C8E00E02110 /* NewTrainingProject.xcdatamodeld in Sources */ = {isa = PBXBuildFile; fileRef = 398A04E8294B3C8E00E02110 /* NewTrainingProject.xcdatamodeld */; };
		398A04EC294B3C8F00E02110 /* Assets.xcassets in Resources */ = {isa = PBXBuildFile; fileRef = 398A04EB294B3C8F00E02110 /* Assets.xcassets */; };
		398A04EF294B3C8F00E02110 /* LaunchScreen.storyboard in Resources */ = {isa = PBXBuildFile; fileRef = 398A04ED294B3C8F00E02110 /* LaunchScreen.storyboard */; };
/* End PBXBuildFile section */

/* Begin PBXFileReference section */
		398A04DC294B3C8E00E02110 /* NewTrainingProject.app */ = {isa = PBXFileReference; explicitFileType = wrapper.application; includeInIndex = 0; path = NewTrainingProject.app; sourceTree = BUILT_PRODUCTS_DIR; };
		398A04DF294B3C8E00E02110 /* AppDelegate.swift */ = {isa = PBXFileReference; lastKnownFileType = sourcecode.swift; path = AppDelegate.swift; sourceTree = "<group>"; };
		398A04E1294B3C8E00E02110 /* SceneDelegate.swift */ = {isa = PBXFileReference; lastKnownFileType = sourcecode.swift; path = SceneDelegate.swift; sourceTree = "<group>"; };
		398A04E3294B3C8E00E02110 /* ViewController.swift */ = {isa = PBXFileReference; lastKnownFileType = sourcecode.swift; path = ViewController.swift; sourceTree = "<group>"; };
		398A04E6294B3C8E00E02110 /* Base */ = {isa = PBXFileReference; lastKnownFileType = file.storyboard; name = Base; path = Base.lproj/Main.storyboard; sourceTree = "<group>"; };
		398A04E9294B3C8E00E02110 /* NewTrainingProject.xcdatamodel */ = {isa = PBXFileReference; lastKnownFileType = wrapper.xcdatamodel; path = NewTrainingProject.xcdatamodel; sourceTree = "<group>"; };
		398A04EB294B3C8F00E02110 /* Assets.xcassets */ = {isa = PBXFileReference; lastKnownFileType = folder.assetcatalog; path = Assets.xcassets; sourceTree = "<group>"; };
		398A04EE294B3C8F00E02110 /* Base */ = {isa = PBXFileReference; lastKnownFileType = file.storyboard; name = Base; path = Base.lproj/LaunchScreen.storyboard; sourceTree = "<group>"; };
		398A04F0294B3C8F00E02110 /* Info.plist */ = {isa = PBXFileReference; lastKnownFileType = text.plist.xml; path = Info.plist; sourceTree = "<group>"; };
/* End PBXFileReference section */

/* Begin PBXFrameworksBuildPhase section */
		398A04D9294B3C8E00E02110 /* Frameworks */ = {
			isa = PBXFrameworksBuildPhase;
			buildActionMask = 2147483647;
			files = (
			);
			runOnlyForDeploymentPostprocessing = 0;
		};
/* End PBXFrameworksBuildPhase section */

/* Begin PBXGroup section */
		398A04D3294B3C8E00E02110 = {
			isa = PBXGroup;
			children = (
				398A04DE294B3C8E00E02110 /* NewTrainingProject */,
				398A04DD294B3C8E00E02110 /* Products */,
			);
			sourceTree = "<group>";
		};
		398A04DD294B3C8E00E02110 /* Products */ = {
			isa = PBXGroup;
			children = (
				398A04DC294B3C8E00E02110 /* NewTrainingProject.app */,
			);
			name = Products;
			sourceTree = "<group>";
		};
		398A04DE294B3C8E00E02110 /* NewTrainingProject */ = {
			isa = PBXGroup;
			children = (
				398A04DF294B3C8E00E02110 /* AppDelegate.swift */,
				398A04E1294B3C8E00E02110 /* SceneDelegate.swift */,
				398A04E3294B3C8E00E02110 /* ViewController.swift */,
				398A04E5294B3C8E00E02110 /* Main.storyboard */,
				398A04EB294B3C8F00E02110 /* Assets.xcassets */,
				398A04ED294B3C8F00E02110 /* LaunchScreen.storyboard */,
				398A04F0294B3C8F00E02110 /* Info.plist */,
				398A04E8294B3C8E00E02110 /* NewTrainingProject.xcdatamodeld */,
			);
			path = NewTrainingProject;
			sourceTree = "<group>";
		};
/* End PBXGroup section */

/* Begin PBXNativeTarget section */
		398A04DB294B3C8E00E02110 /* NewTrainingProject */ = {
			isa = PBXNativeTarget;
			buildConfigurationList = 398A04F3294B3C8F00E02110 /* Build configuration list for PBXNativeTarget "NewTrainingProject" */;
			buildPhases = (
				398A04D8294B3C8E00E02110 /* Sources */,
				398A04D9294B3C8E00E02110 /* Frameworks */,
				398A04DA294B3C8E00E02110 /* Resources */,
			);
			buildRules = (
			);
			dependencies = (
			);
			name = NewTrainingProject;
			productName = NewTrainingProject;
			productReference = 398A04DC294B3C8E00E02110 /* NewTrainingProject.app */;
			productType = "com.apple.product-type.application";
		};
/* End PBXNativeTarget section */

/* Begin PBXProject section */
		398A04D4294B3C8E00E02110 /* Project object */ = {
			isa = PBXProject;
			attributes = {
				BuildIndependentTargetsInParallel = 1;
				LastSwiftUpdateCheck = 1420;
				LastUpgradeCheck = 1420;
				TargetAttributes = {
					398A04DB294B3C8E00E02110 = {
						CreatedOnToolsVersion = 14.2;
					};
				};
			};
			buildConfigurationList = 398A04D7294B3C8E00E02110 /* Build configuration list for PBXProject "NewTrainingProject" */;
			compatibilityVersion = "Xcode 14.0";
			developmentRegion = en;
			hasScannedForEncodings = 0;
			knownRegions = (
				en,
				Base,
			);
			mainGroup = 398A04D3294B3C8E00E02110;
			productRefGroup = 398A04DD294B3C8E00E02110 /* Products */;
			projectDirPath = "";
			projectRoot = "";
			targets = (
				398A04DB294B3C8E00E02110 /* NewTrainingProject */,
			);
		};
/* End PBXProject section */

/* Begin PBXResourcesBuildPhase section */
		398A04DA294B3C8E00E02110 /* Resources */ = {
			isa = PBXResourcesBuildPhase;
			buildActionMask = 2147483647;
			files = (
				398A04EF294B3C8F00E02110 /* LaunchScreen.storyboard in Resources */,
				398A04EC294B3C8F00E02110 /* Assets.xcassets in Resources */,
				398A04E7294B3C8E00E02110 /* Main.storyboard in Resources */,
			);
			runOnlyForDeploymentPostprocessing = 0;
		};
/* End PBXResourcesBuildPhase section */

/* Begin PBXSourcesBuildPhase section */
		398A04D8294B3C8E00E02110 /* Sources */ = {
			isa = PBXSourcesBuildPhase;
			buildActionMask = 2147483647;
			files = (
				398A04EA294B3C8E00E02110 /* NewTrainingProject.xcdatamodeld in Sources */,
				398A04E4294B3C8E00E02110 /* ViewController.swift in Sources */,
				398A04E0294B3C8E00E02110 /* AppDelegate.swift in Sources */,
				398A04E2294B3C8E00E02110 /* SceneDelegate.swift in Sources */,
			);
			runOnlyForDeploymentPostprocessing = 0;
		};
/* End PBXSourcesBuildPhase section */

/* Begin PBXVariantGroup section */
		398A04E5294B3C8E00E02110 /* Main.storyboard */ = {
			isa = PBXVariantGroup;
			children = (
				398A04E6294B3C8E00E02110 /* Base */,
			);
			name = Main.storyboard;
			sourceTree = "<group>";
		};
		398A04ED294B3C8F00E02110 /* LaunchScreen.storyboard */ = {
			isa = PBXVariantGroup;
			children = (
				398A04EE294B3C8F00E02110 /* Base */,
			);
			name = LaunchScreen.storyboard;
			sourceTree = "<group>";
		};
/* End PBXVariantGroup section */

/* Begin XCBuildConfiguration section */
		398A04F1294B3C8F00E02110 /* Debug */ = {
			isa = XCBuildConfiguration;
			buildSettings = {
				ALWAYS_SEARCH_USER_PATHS = NO;
				CLANG_ANALYZER_NONNULL = YES;
				CLANG_ANALYZER_NUMBER_OBJECT_CONVERSION = YES_AGGRESSIVE;
				CLANG_CXX_LANGUAGE_STANDARD = "gnu++20";
				CLANG_ENABLE_MODULES = YES;
				CLANG_ENABLE_OBJC_ARC = YES;
				CLANG_ENABLE_OBJC_WEAK = YES;
				CLANG_WARN_BLOCK_CAPTURE_AUTORELEASING = YES;
				CLANG_WARN_BOOL_CONVERSION = YES;
				CLANG_WARN_COMMA = YES;
				CLANG_WARN_CONSTANT_CONVERSION = YES;
				CLANG_WARN_DEPRECATED_OBJC_IMPLEMENTATIONS = YES;
				CLANG_WARN_DIRECT_OBJC_ISA_USAGE = YES_ERROR;
				CLANG_WARN_DOCUMENTATION_COMMENTS = YES;
				CLANG_WARN_EMPTY_BODY = YES;
				CLANG_WARN_ENUM_CONVERSION = YES;
				CLANG_WARN_INFINITE_RECURSION = YES;
				CLANG_WARN_INT_CONVERSION = YES;
				CLANG_WARN_NON_LITERAL_NULL_CONVERSION = YES;
				CLANG_WARN_OBJC_IMPLICIT_RETAIN_SELF = YES;
				CLANG_WARN_OBJC_LITERAL_CONVERSION = YES;
				CLANG_WARN_OBJC_ROOT_CLASS = YES_ERROR;
				CLANG_WARN_QUOTED_INCLUDE_IN_FRAMEWORK_HEADER = YES;
				CLANG_WARN_RANGE_LOOP_ANALYSIS = YES;
				CLANG_WARN_STRICT_PROTOTYPES = YES;
				CLANG_WARN_SUSPICIOUS_MOVE = YES;
				CLANG_WARN_UNGUARDED_AVAILABILITY = YES_AGGRESSIVE;
				CLANG_WARN_UNREACHABLE_CODE = YES;
				CLANG_WARN__DUPLICATE_METHOD_MATCH = YES;
				COPY_PHASE_STRIP = NO;
				DEBUG_INFORMATION_FORMAT = dwarf;
				ENABLE_STRICT_OBJC_MSGSEND = YES;
				ENABLE_TESTABILITY = YES;
				GCC_C_LANGUAGE_STANDARD = gnu11;
				GCC_DYNAMIC_NO_PIC = NO;
				GCC_NO_COMMON_BLOCKS = YES;
				GCC_OPTIMIZATION_LEVEL = 0;
				GCC_PREPROCESSOR_DEFINITIONS = (
					"DEBUG=1",
					"$(inherited)",
				);
				GCC_WARN_64_TO_32_BIT_CONVERSION = YES;
				GCC_WARN_ABOUT_RETURN_TYPE = YES_ERROR;
				GCC_WARN_UNDECLARED_SELECTOR = YES;
				GCC_WARN_UNINITIALIZED_AUTOS = YES_AGGRESSIVE;
				GCC_WARN_UNUSED_FUNCTION = YES;
				GCC_WARN_UNUSED_VARIABLE = YES;
				IPHONEOS_DEPLOYMENT_TARGET = 16.2;
				MTL_ENABLE_DEBUG_INFO = INCLUDE_SOURCE;
				MTL_FAST_MATH = YES;
				ONLY_ACTIVE_ARCH = YES;
				SDKROOT = iphoneos;
				SWIFT_ACTIVE_COMPILATION_CONDITIONS = DEBUG;
				SWIFT_OPTIMIZATION_LEVEL = "-Onone";
			};
			name = Debug;
		};
		398A04F2294B3C8F00E02110 /* Release */ = {
			isa = XCBuildConfiguration;
			buildSettings = {
				ALWAYS_SEARCH_USER_PATHS = NO;
				CLANG_ANALYZER_NONNULL = YES;
				CLANG_ANALYZER_NUMBER_OBJECT_CONVERSION = YES_AGGRESSIVE;
				CLANG_CXX_LANGUAGE_STANDARD = "gnu++20";
				CLANG_ENABLE_MODULES = YES;
				CLANG_ENABLE_OBJC_ARC = YES;
				CLANG_ENABLE_OBJC_WEAK = YES;
				CLANG_WARN_BLOCK_CAPTURE_AUTORELEASING = YES;
				CLANG_WARN_BOOL_CONVERSION = YES;
				CLANG_WARN_COMMA = YES;
				CLANG_WARN_CONSTANT_CONVERSION = YES;
				CLANG_WARN_DEPRECATED_OBJC_IMPLEMENTATIONS = YES;
				CLANG_WARN_DIRECT_OBJC_ISA_USAGE = YES_ERROR;
				CLANG_WARN_DOCUMENTATION_COMMENTS = YES;
				CLANG_WARN_EMPTY_BODY = YES;
				CLANG_WARN_ENUM_CONVERSION = YES;
				CLANG_WARN_INFINITE_RECURSION = YES;
				CLANG_WARN_INT_CONVERSION = YES;
				CLANG_WARN_NON_LITERAL_NULL_CONVERSION = YES;
				CLANG_WARN_OBJC_IMPLICIT_RETAIN_SELF = YES;
				CLANG_WARN_OBJC_LITERAL_CONVERSION = YES;
				CLANG_WARN_OBJC_ROOT_CLASS = YES_ERROR;
				CLANG_WARN_QUOTED_INCLUDE_IN_FRAMEWORK_HEADER = YES;
				CLANG_WARN_RANGE_LOOP_ANALYSIS = YES;
				CLANG_WARN_STRICT_PROTOTYPES = YES;
				CLANG_WARN_SUSPICIOUS_MOVE = YES;
				CLANG_WARN_UNGUARDED_AVAILABILITY = YES_AGGRESSIVE;
				CLANG_WARN_UNREACHABLE_CODE = YES;
				CLANG_WARN__DUPLICATE_METHOD_MATCH = YES;
				COPY_PHASE_STRIP = NO;
				DEBUG_INFORMATION_FORMAT = "dwarf-with-dsym";
				ENABLE_NS_ASSERTIONS = NO;
				ENABLE_STRICT_OBJC_MSGSEND = YES;
				GCC_C_LANGUAGE_STANDARD = gnu11;
				GCC_NO_COMMON_BLOCKS = YES;
				GCC_WARN_64_TO_32_BIT_CONVERSION = YES;
				GCC_WARN_ABOUT_RETURN_TYPE = YES_ERROR;
				GCC_WARN_UNDECLARED_SELECTOR = YES;
				GCC_WARN_UNINITIALIZED_AUTOS = YES_AGGRESSIVE;
				GCC_WARN_UNUSED_FUNCTION = YES;
				GCC_WARN_UNUSED_VARIABLE = YES;
				IPHONEOS_DEPLOYMENT_TARGET = 16.2;
				MTL_ENABLE_DEBUG_INFO = NO;
				MTL_FAST_MATH = YES;
				SDKROOT = iphoneos;
				SWIFT_COMPILATION_MODE = wholemodule;
				SWIFT_OPTIMIZATION_LEVEL = "-O";
				VALIDATE_PRODUCT = YES;
			};
			name = Release;
		};
		398A04F4294B3C8F00E02110 /* Debug */ = {
			isa = XCBuildConfiguration;
			buildSettings = {
				ASSETCATALOG_COMPILER_APPICON_NAME = AppIcon;
				ASSETCATALOG_COMPILER_GLOBAL_ACCENT_COLOR_NAME = AccentColor;
				CODE_SIGN_STYLE = Automatic;
				CURRENT_PROJECT_VERSION = 1;
				DEVELOPMENT_TEAM = Z77PMGH233;
				GENERATE_INFOPLIST_FILE = YES;
				INFOPLIST_FILE = NewTrainingProject/Info.plist;
				INFOPLIST_KEY_UIApplicationSupportsIndirectInputEvents = YES;
				INFOPLIST_KEY_UILaunchStoryboardName = LaunchScreen;
				INFOPLIST_KEY_UIMainStoryboardFile = Main;
				INFOPLIST_KEY_UISupportedInterfaceOrientations_iPad = "UIInterfaceOrientationPortrait UIInterfaceOrientationPortraitUpsideDown UIInterfaceOrientationLandscapeLeft UIInterfaceOrientationLandscapeRight";
				INFOPLIST_KEY_UISupportedInterfaceOrientations_iPhone = "UIInterfaceOrientationPortrait UIInterfaceOrientationLandscapeLeft UIInterfaceOrientationLandscapeRight";
				LD_RUNPATH_SEARCH_PATHS = (
					"$(inherited)",
					"@executable_path/Frameworks",
				);
				MARKETING_VERSION = 1.0;
				PRODUCT_BUNDLE_IDENTIFIER = com.AV.NewTrainingProject;
				PRODUCT_NAME = "$(TARGET_NAME)";
				SWIFT_EMIT_LOC_STRINGS = YES;
				SWIFT_VERSION = 5.0;
				TARGETED_DEVICE_FAMILY = "1,2";
			};
			name = Debug;
		};
		398A04F5294B3C8F00E02110 /* Release */ = {
			isa = XCBuildConfiguration;
			buildSettings = {
				ASSETCATALOG_COMPILER_APPICON_NAME = AppIcon;
				ASSETCATALOG_COMPILER_GLOBAL_ACCENT_COLOR_NAME = AccentColor;
				CODE_SIGN_STYLE = Automatic;
				CURRENT_PROJECT_VERSION = 1;
				DEVELOPMENT_TEAM = Z77PMGH233;
				GENERATE_INFOPLIST_FILE = YES;
				INFOPLIST_FILE = NewTrainingProject/Info.plist;
				INFOPLIST_KEY_UIApplicationSupportsIndirectInputEvents = YES;
				INFOPLIST_KEY_UILaunchStoryboardName = LaunchScreen;
				INFOPLIST_KEY_UIMainStoryboardFile = Main;
				INFOPLIST_KEY_UISupportedInterfaceOrientations_iPad = "UIInterfaceOrientationPortrait UIInterfaceOrientationPortraitUpsideDown UIInterfaceOrientationLandscapeLeft UIInterfaceOrientationLandscapeRight";
				INFOPLIST_KEY_UISupportedInterfaceOrientations_iPhone = "UIInterfaceOrientationPortrait UIInterfaceOrientationLandscapeLeft UIInterfaceOrientationLandscapeRight";
				LD_RUNPATH_SEARCH_PATHS = (
					"$(inherited)",
					"@executable_path/Frameworks",
				);
				MARKETING_VERSION = 1.0;
				PRODUCT_BUNDLE_IDENTIFIER = com.AV.NewTrainingProject;
				PRODUCT_NAME = "$(TARGET_NAME)";
				SWIFT_EMIT_LOC_STRINGS = YES;
				SWIFT_VERSION = 5.0;
				TARGETED_DEVICE_FAMILY = "1,2";
			};
			name = Release;
		};
/* End XCBuildConfiguration section */

/* Begin XCConfigurationList section */
		398A04D7294B3C8E00E02110 /* Build configuration list for PBXProject "NewTrainingProject" */ = {
			isa = XCConfigurationList;
			buildConfigurations = (
				398A04F1294B3C8F00E02110 /* Debug */,
				398A04F2294B3C8F00E02110 /* Release */,
			);
			defaultConfigurationIsVisible = 0;
			defaultConfigurationName = Release;
		};
		398A04F3294B3C8F00E02110 /* Build configuration list for PBXNativeTarget "NewTrainingProject" */ = {
			isa = XCConfigurationList;
			buildConfigurations = (
				398A04F4294B3C8F00E02110 /* Debug */,
				398A04F5294B3C8F00E02110 /* Release */,
			);
			defaultConfigurationIsVisible = 0;
			defaultConfigurationName = Release;
		};
/* End XCConfigurationList section */

/* Begin XCVersionGroup section */
		398A04E8294B3C8E00E02110 /* NewTrainingProject.xcdatamodeld */ = {
			isa = XCVersionGroup;
			children = (
				398A04E9294B3C8E00E02110 /* NewTrainingProject.xcdatamodel */,
			);
			currentVersion = 398A04E9294B3C8E00E02110 /* NewTrainingProject.xcdatamodel */;
			path = NewTrainingProject.xcdatamodeld;
			sourceTree = "<group>";
			versionGroupType = wrapper.xcdatamodel;
		};
/* End XCVersionGroup section */
	};
	rootObject = 398A04D4294B3C8E00E02110 /* Project object */;
}
